
Microsoft Visual Studio Solution File, Format Version 12.00
# Visual Studio Version 16
VisualStudioVersion = 16.0.28803.352
MinimumVisualStudioVersion = 10.0.40219.1
Project("{FAE04EC0-301F-11D3-BF4B-00C04F79EFBC}") = "FiPr", "FiPr\FiPr.csproj", "{77B77B02-CB2A-4DB8-8C02-5BB001F4D785}"
EndProject
Project("{FAE04EC0-301F-11D3-BF4B-00C04F79EFBC}") = "types", "types\types.csproj", "{4D0B2D0C-5E66-4825-9400-6D7D87643085}"
EndProject
Project("{FAE04EC0-301F-11D3-BF4B-00C04F79EFBC}") = "Arrays", "Arrays\Arrays.csproj", "{7265C276-E26D-4A9C-9A2B-DFC240392B7A}"
EndProject
Project("{FAE04EC0-301F-11D3-BF4B-00C04F79EFBC}") = "Operators", "Operators\Operators.csproj", "{C6CABD6B-275B-43D1-9C02-D373991A66F6}"
EndProject
Project("{FAE04EC0-301F-11D3-BF4B-00C04F79EFBC}") = "Functions", "Functions\Functions.csproj", "{688C724E-8A41-49BF-ADFF-DBC290E5FA72}"
EndProject
Project("{FAE04EC0-301F-11D3-BF4B-00C04F79EFBC}") = "Selecties", "Selecties\Selecties.csproj", "{3008B437-F024-41D5-98CF-34EB831702EF}"
EndProject
Project("{FAE04EC0-301F-11D3-BF4B-00C04F79EFBC}") = "Iteration", "Iteration\Iteration.csproj", "{F3C30E6A-95A5-437B-BFDC-809B388FD962}"
EndProject
Project("{FAE04EC0-301F-11D3-BF4B-00C04F79EFBC}") = "Recursive", "Recursive\Recursive.csproj", "{631B1EEB-B715-42F5-9C61-2F81CE8E58F7}"
EndProject
Project("{FAE04EC0-301F-11D3-BF4B-00C04F79EFBC}") = "Schrikkerljaar", "Schrikkerljaar\Schrikkerljaar.csproj", "{45E907EC-8B70-4A4B-8163-E18B4F604C13}"
EndProject
Project("{FAE04EC0-301F-11D3-BF4B-00C04F79EFBC}") = "TafelsFaculteitRecursief", "TafelsVermenigvuldiging\TafelsFaculteitRecursief.csproj", "{7641318A-19BB-40D5-8668-8DF59BBF646F}"
EndProject
Project("{FAE04EC0-301F-11D3-BF4B-00C04F79EFBC}") = "Casting en Parsing", "Casting\Casting en Parsing.csproj", "{8AEB5A98-C1C5-43B8-93BA-E101B3651476}"
EndProject
Project("{FAE04EC0-301F-11D3-BF4B-00C04F79EFBC}") = "Try Catch", "Try Catch\Try Catch.csproj", "{0D096966-0FAB-428A-80A4-5ED9CF231967}"
EndProject
Project("{FAE04EC0-301F-11D3-BF4B-00C04F79EFBC}") = "Auto in grid", "Auto in grid\Auto in grid.csproj", "{E540549A-1B22-4726-918C-101CFB61AA7B}"
EndProject
Project("{FAE04EC0-301F-11D3-BF4B-00C04F79EFBC}") = "auto bijhouden", "auto bijhouden\auto bijhouden.csproj", "{997AF9FC-8745-4B9E-A108-8C76D66F69DF}"
EndProject
Project("{FAE04EC0-301F-11D3-BF4B-00C04F79EFBC}") = "Rekemachine", "Rekemachine\Rekemachine.csproj", "{FB6AAB26-53E4-431A-B027-3F7AEF30A1F1}"
EndProject
Project("{2150E333-8FDC-42A3-9474-1A3956D46DE8}") = "Basisconcepten", "Basisconcepten", "{8334DC6C-DBEE-4F20-AB7C-DB1911486642}"
EndProject
Project("{2150E333-8FDC-42A3-9474-1A3956D46DE8}") = "OO classes", "OO classes", "{B3AAEDB1-A132-4CBD-9E30-982D17DB219C}"
EndProject
Project("{FAE04EC0-301F-11D3-BF4B-00C04F79EFBC}") = "Class aanmaken", "Class aanmaken\Class aanmaken.csproj", "{EA4A886C-FB02-47E2-8AD0-57AC5404209E}"
EndProject
Project("{FAE04EC0-301F-11D3-BF4B-00C04F79EFBC}") = "Huisbeheer", "Huis en kamers\Huisbeheer.csproj", "{5CF9AD3A-3B0B-402A-8DD8-865B746F9FE3}"
EndProject
Project("{FAE04EC0-301F-11D3-BF4B-00C04F79EFBC}") = "Auto", "Auto\Auto.csproj", "{EC274F36-8F25-4519-B122-354D6EE8E552}"
EndProject
Project("{FAE04EC0-301F-11D3-BF4B-00C04F79EFBC}") = "Winkel", "Product\Winkel.csproj", "{1C54C2BC-F8E1-4E99-AD4F-02F28283C660}"
EndProject
Project("{FAE04EC0-301F-11D3-BF4B-00C04F79EFBC}") = "Avondsessie", "Avondsessie\Avondsessie.csproj", "{4D26582D-C6D2-42A6-8A4C-63C01817614E}"
EndProject
Project("{FAE04EC0-301F-11D3-BF4B-00C04F79EFBC}") = "Rekemachine met classes", "Rekemachine met classes\Rekemachine met classes.csproj", "{1049DCA0-CE40-4B26-BA6B-5677AF5F89FD}"
EndProject
Project("{FAE04EC0-301F-11D3-BF4B-00C04F79EFBC}") = "Film", "Film\Film.csproj", "{1AA98D79-A54F-4ADB-8E8C-837C2BED8656}"
EndProject
Project("{FAE04EC0-301F-11D3-BF4B-00C04F79EFBC}") = "Drankautomaat", "Drankautomaat\Drankautomaat.csproj", "{0228EDDF-9DA3-4BF6-81E0-BAFF44C66975}"
EndProject
Project("{9A19103F-16F7-4668-BE54-9A1E7A4F7556}") = "FigurenCore", "FigurenCore\FigurenCore.csproj", "{E9A88105-2B05-4B8F-8DC9-827F1B807C6B}"
EndProject
Project("{9A19103F-16F7-4668-BE54-9A1E7A4F7556}") = "Dier overerven", "Dier overerven\Dier overerven.csproj", "{2D6CCF7F-2442-49BD-9349-A9E8C32BC109}"
EndProject
Project("{9A19103F-16F7-4668-BE54-9A1E7A4F7556}") = "Immokantoor", "Immokantoor\Immokantoor.csproj", "{C1E883BC-6386-4763-A509-3791B54901C4}"
EndProject
Project("{9A19103F-16F7-4668-BE54-9A1E7A4F7556}") = "Test", "Test\Test.csproj", "{4BE2504E-42FA-451B-9B30-D107000CC86C}"
EndProject
Project("{9A19103F-16F7-4668-BE54-9A1E7A4F7556}") = "Vastgoed met interface", "Vastgoed met interface\Vastgoed met interface.csproj", "{62778BEC-FC16-473F-96EE-AB81D7DF117A}"
EndProject
Project("{9A19103F-16F7-4668-BE54-9A1E7A4F7556}") = "Logger", "Logger\Logger.csproj", "{7CE79ED2-1851-486B-B1E6-2032D20F4833}"
EndProject
Project("{9A19103F-16F7-4668-BE54-9A1E7A4F7556}") = "Interface product", "Interface product\Interface product.csproj", "{88AE4AAB-577E-42E6-8CA5-2C15A51EBF79}"
EndProject
Project("{9A19103F-16F7-4668-BE54-9A1E7A4F7556}") = "IRacer", "IRacer\IRacer.csproj", "{0DBC7C0F-C6B3-47F2-983E-807EF83B7F44}"
EndProject
Project("{9A19103F-16F7-4668-BE54-9A1E7A4F7556}") = "Static vliegtuig", "Static vliegtuig\Static vliegtuig.csproj", "{FFD0BDB7-B98D-416F-B7EA-FDBE87BB9952}"
EndProject
Project("{9A19103F-16F7-4668-BE54-9A1E7A4F7556}") = "ForumUsers", "FrumUsers\ForumUsers.csproj", "{BDE55D86-28BE-471F-95EC-293F7EC531F1}"
EndProject
Project("{9A19103F-16F7-4668-BE54-9A1E7A4F7556}") = "Quiz", "Quiz\Quiz.csproj", "{FEBA0B73-B746-4B01-9EAD-A519FAB0C411}"
EndProject
Project("{9A19103F-16F7-4668-BE54-9A1E7A4F7556}") = "Battlegame", "Battlegame\Battlegame.csproj", "{E9254B2D-7F80-4BEA-A120-3F6FFBD93B51}"
EndProject
Project("{9A19103F-16F7-4668-BE54-9A1E7A4F7556}") = "StringExtensions", "StringExtensions\StringExtensions.csproj", "{256AE703-70CB-459B-A143-052B0ED4090D}"
EndProject
Project("{9A19103F-16F7-4668-BE54-9A1E7A4F7556}") = "Generics", "Generics\Generics.csproj", "{A24FED58-394C-420F-8900-5D12DCD4E147}"
EndProject
Project("{2150E333-8FDC-42A3-9474-1A3956D46DE8}") = "Generic", "Generic", "{DEF141DD-F4F1-4214-A9A9-CE2469D42847}"
EndProject
Project("{9A19103F-16F7-4668-BE54-9A1E7A4F7556}") = "Stringrev", "Stringrev\Stringrev.csproj", "{7248A8A6-D963-4CB4-80FD-0E8CAB047B22}"
EndProject
Project("{9A19103F-16F7-4668-BE54-9A1E7A4F7556}") = "Woordenboek", "Woordenboek\Woordenboek.csproj", "{3BBD9BA3-9149-453B-BFF2-1E77CDBE3521}"
EndProject
Project("{9A19103F-16F7-4668-BE54-9A1E7A4F7556}") = "Tickets", "Tickets\Tickets.csproj", "{9D59430E-97F9-49B5-92D6-4C7B87E666A9}"
EndProject
Project("{2150E333-8FDC-42A3-9474-1A3956D46DE8}") = "Collections", "Collections", "{3A92E9B9-BDD1-4AC6-A628-CE131976A429}"
EndProject
Project("{9A19103F-16F7-4668-BE54-9A1E7A4F7556}") = "Collection", "Collection\Collection.csproj", "{E0B691A7-0294-43B5-8BA1-FFE05F20369F}"
EndProject
Project("{9A19103F-16F7-4668-BE54-9A1E7A4F7556}") = "Voetbalclub", "Voetbalclub\Voetbalclub.csproj", "{B95A7320-2334-45A2-BAF2-83EC00DD3272}"
EndProject
Project("{9A19103F-16F7-4668-BE54-9A1E7A4F7556}") = "Booschappenlijst", "Booschappenlijst\Booschappenlijst.csproj", "{091460F0-CABF-4E2E-90EA-9AD16D7F052E}"
EndProject
Project("{9A19103F-16F7-4668-BE54-9A1E7A4F7556}") = "Queue", "Slager\Queue.csproj", "{89CF6308-F0E3-47FD-9F9D-A30905F85C6B}"
EndProject
Project("{9A19103F-16F7-4668-BE54-9A1E7A4F7556}") = "Stack", "Stack\Stack.csproj", "{1C41DB1E-A167-497C-8082-A5B850CFC7B6}"
EndProject
Project("{2150E333-8FDC-42A3-9474-1A3956D46DE8}") = "LINQ", "LINQ", "{6D8EA180-B7D5-45C1-9444-80369472C1CA}"
EndProject
Project("{9A19103F-16F7-4668-BE54-9A1E7A4F7556}") = "LinqProject", "LinqProject\LinqProject.csproj", "{129AD538-B3E8-4A8B-BD71-6B29B0E8CF59}"
EndProject
Project("{9A19103F-16F7-4668-BE54-9A1E7A4F7556}") = "MethodChaining", "MethodChaining\MethodChaining.csproj", "{E7C84A54-D23E-4A27-9820-BD771A19CC44}"
EndProject
Project("{2150E333-8FDC-42A3-9474-1A3956D46DE8}") = "Events", "Events", "{0537CE07-ADF6-4C16-A635-FBD95CA53C21}"
EndProject
Project("{9A19103F-16F7-4668-BE54-9A1E7A4F7556}") = "Delegates", "Delegates\Delegates.csproj", "{07812C9C-5E04-4548-8842-927EF2DECCF5}"
EndProject
Project("{9A19103F-16F7-4668-BE54-9A1E7A4F7556}") = "Eventss", "Eventss\Eventss.csproj", "{75C4BB27-E11A-4EFE-A11D-348114874426}"
EndProject
Project("{2150E333-8FDC-42A3-9474-1A3956D46DE8}") = "EF", "EF", "{D92AFD7D-B611-41DE-8912-07B3C00869DA}"
EndProject
Project("{FAE04EC0-301F-11D3-BF4B-00C04F79EFBC}") = "ADO.NET", "ADO.NET\ADO.NET.csproj", "{05F65F7B-5AAF-453C-BC27-D6A5DE4A7AA1}"
EndProject
Project("{FAE04EC0-301F-11D3-BF4B-00C04F79EFBC}") = "BoekenBeheren", "BoekenBeheren\BoekenBeheren.csproj", "{4472A8F3-F10E-470E-8DB4-75F2619C397E}"
EndProject
Project("{FAE04EC0-301F-11D3-BF4B-00C04F79EFBC}") = "Entity_Famework", "Entity_Famework\Entity_Famework.csproj", "{D3D7DD07-72F9-4654-BB15-5749D02DB8E4}"
EndProject
Project("{FAE04EC0-301F-11D3-BF4B-00C04F79EFBC}") = "AdventureWorks", "AdventureWorks\AdventureWorks.csproj", "{3E59B10A-5C77-490A-AB97-58D59C86B533}"
EndProject
Project("{FAE04EC0-301F-11D3-BF4B-00C04F79EFBC}") = "Northwind", "Northwind\Northwind.csproj", "{1BF94DEA-17DB-46F1-BE16-6B4AEC312646}"
EndProject
Project("{FAE04EC0-301F-11D3-BF4B-00C04F79EFBC}") = "BoekenEF", "BoekenEF\BoekenEF.csproj", "{8A558B32-0B8D-4BB6-A096-6EE477E2CACD}"
EndProject
Project("{2150E333-8FDC-42A3-9474-1A3956D46DE8}") = "Winforms", "Winforms", "{D59EE178-AF75-4200-9C86-00C343E683FC}"
EndProject
Project("{FAE04EC0-301F-11D3-BF4B-00C04F79EFBC}") = "WindowsFormsApp", "WindowsFormsApp\WindowsFormsApp.csproj", "{93AB0E70-885B-456E-93E4-F03E0B96BF5F}"
EndProject
Project("{FAE04EC0-301F-11D3-BF4B-00C04F79EFBC}") = "Savefile", "Savefile\Savefile.csproj", "{00E97380-897A-459C-B85A-FA3EA99BE982}"
EndProject
Project("{FAE04EC0-301F-11D3-BF4B-00C04F79EFBC}") = "Validation", "Validation\Validation.csproj", "{A1146272-72D6-49BB-8A42-3C2F62EA4712}"
EndProject
Project("{FAE04EC0-301F-11D3-BF4B-00C04F79EFBC}") = "CheckVoornaam", "CheckVoornaam\CheckVoornaam.csproj", "{62FB34DB-EA64-4D7F-9075-D8EC2A5A29AF}"
EndProject
Project("{FAE04EC0-301F-11D3-BF4B-00C04F79EFBC}") = "FruitBookApp", "FruitBookApp\FruitBookApp.csproj", "{FB87CEAD-ACA8-49F7-910B-5AA03415339B}"
EndProject
Project("{FAE04EC0-301F-11D3-BF4B-00C04F79EFBC}") = "Rekenmachine", "Rekenmachine\Rekenmachine.csproj", "{B25AE5BA-DFAB-4580-B680-B6EDBD8EE926}"
EndProject
Project("{FAE04EC0-301F-11D3-BF4B-00C04F79EFBC}") = "AddressenBeheren", "AddressenBeheren\AddressenBeheren.csproj", "{0731F688-EE0E-41E8-8E9E-6234933B6178}"
EndProject
Project("{FAE04EC0-301F-11D3-BF4B-00C04F79EFBC}") = "Freestyle", "Freestyle\Freestyle.csproj", "{4081709B-9CE5-4E58-81D5-CBA5CA97ABB7}"
EndProject
Project("{FAE04EC0-301F-11D3-BF4B-00C04F79EFBC}") = "Clicky", "Clicky\Clicky.csproj", "{1C0149F7-F77F-42B1-A15D-17BBFEA9D66B}"
EndProject
Global
	GlobalSection(SolutionConfigurationPlatforms) = preSolution
		Debug|Any CPU = Debug|Any CPU
		Debug|x64 = Debug|x64
		Debug|x86 = Debug|x86
		Release|Any CPU = Release|Any CPU
		Release|x64 = Release|x64
		Release|x86 = Release|x86
	EndGlobalSection
	GlobalSection(ProjectConfigurationPlatforms) = postSolution
		{77B77B02-CB2A-4DB8-8C02-5BB001F4D785}.Debug|Any CPU.ActiveCfg = Debug|Any CPU
		{77B77B02-CB2A-4DB8-8C02-5BB001F4D785}.Debug|Any CPU.Build.0 = Debug|Any CPU
		{77B77B02-CB2A-4DB8-8C02-5BB001F4D785}.Debug|x64.ActiveCfg = Debug|x64
		{77B77B02-CB2A-4DB8-8C02-5BB001F4D785}.Debug|x64.Build.0 = Debug|x64
		{77B77B02-CB2A-4DB8-8C02-5BB001F4D785}.Debug|x86.ActiveCfg = Debug|x86
		{77B77B02-CB2A-4DB8-8C02-5BB001F4D785}.Debug|x86.Build.0 = Debug|x86
		{77B77B02-CB2A-4DB8-8C02-5BB001F4D785}.Release|Any CPU.ActiveCfg = Release|Any CPU
		{77B77B02-CB2A-4DB8-8C02-5BB001F4D785}.Release|Any CPU.Build.0 = Release|Any CPU
		{77B77B02-CB2A-4DB8-8C02-5BB001F4D785}.Release|x64.ActiveCfg = Release|x64
		{77B77B02-CB2A-4DB8-8C02-5BB001F4D785}.Release|x64.Build.0 = Release|x64
		{77B77B02-CB2A-4DB8-8C02-5BB001F4D785}.Release|x86.ActiveCfg = Release|x86
		{77B77B02-CB2A-4DB8-8C02-5BB001F4D785}.Release|x86.Build.0 = Release|x86
		{4D0B2D0C-5E66-4825-9400-6D7D87643085}.Debug|Any CPU.ActiveCfg = Debug|Any CPU
		{4D0B2D0C-5E66-4825-9400-6D7D87643085}.Debug|Any CPU.Build.0 = Debug|Any CPU
		{4D0B2D0C-5E66-4825-9400-6D7D87643085}.Debug|x64.ActiveCfg = Debug|Any CPU
		{4D0B2D0C-5E66-4825-9400-6D7D87643085}.Debug|x64.Build.0 = Debug|Any CPU
		{4D0B2D0C-5E66-4825-9400-6D7D87643085}.Debug|x86.ActiveCfg = Debug|Any CPU
		{4D0B2D0C-5E66-4825-9400-6D7D87643085}.Debug|x86.Build.0 = Debug|Any CPU
		{4D0B2D0C-5E66-4825-9400-6D7D87643085}.Release|Any CPU.ActiveCfg = Release|Any CPU
		{4D0B2D0C-5E66-4825-9400-6D7D87643085}.Release|Any CPU.Build.0 = Release|Any CPU
		{4D0B2D0C-5E66-4825-9400-6D7D87643085}.Release|x64.ActiveCfg = Release|Any CPU
		{4D0B2D0C-5E66-4825-9400-6D7D87643085}.Release|x64.Build.0 = Release|Any CPU
		{4D0B2D0C-5E66-4825-9400-6D7D87643085}.Release|x86.ActiveCfg = Release|Any CPU
		{4D0B2D0C-5E66-4825-9400-6D7D87643085}.Release|x86.Build.0 = Release|Any CPU
		{7265C276-E26D-4A9C-9A2B-DFC240392B7A}.Debug|Any CPU.ActiveCfg = Debug|Any CPU
		{7265C276-E26D-4A9C-9A2B-DFC240392B7A}.Debug|Any CPU.Build.0 = Debug|Any CPU
		{7265C276-E26D-4A9C-9A2B-DFC240392B7A}.Debug|x64.ActiveCfg = Debug|Any CPU
		{7265C276-E26D-4A9C-9A2B-DFC240392B7A}.Debug|x64.Build.0 = Debug|Any CPU
		{7265C276-E26D-4A9C-9A2B-DFC240392B7A}.Debug|x86.ActiveCfg = Debug|Any CPU
		{7265C276-E26D-4A9C-9A2B-DFC240392B7A}.Debug|x86.Build.0 = Debug|Any CPU
		{7265C276-E26D-4A9C-9A2B-DFC240392B7A}.Release|Any CPU.ActiveCfg = Release|Any CPU
		{7265C276-E26D-4A9C-9A2B-DFC240392B7A}.Release|Any CPU.Build.0 = Release|Any CPU
		{7265C276-E26D-4A9C-9A2B-DFC240392B7A}.Release|x64.ActiveCfg = Release|Any CPU
		{7265C276-E26D-4A9C-9A2B-DFC240392B7A}.Release|x64.Build.0 = Release|Any CPU
		{7265C276-E26D-4A9C-9A2B-DFC240392B7A}.Release|x86.ActiveCfg = Release|Any CPU
		{7265C276-E26D-4A9C-9A2B-DFC240392B7A}.Release|x86.Build.0 = Release|Any CPU
		{C6CABD6B-275B-43D1-9C02-D373991A66F6}.Debug|Any CPU.ActiveCfg = Debug|Any CPU
		{C6CABD6B-275B-43D1-9C02-D373991A66F6}.Debug|Any CPU.Build.0 = Debug|Any CPU
		{C6CABD6B-275B-43D1-9C02-D373991A66F6}.Debug|x64.ActiveCfg = Debug|Any CPU
		{C6CABD6B-275B-43D1-9C02-D373991A66F6}.Debug|x64.Build.0 = Debug|Any CPU
		{C6CABD6B-275B-43D1-9C02-D373991A66F6}.Debug|x86.ActiveCfg = Debug|Any CPU
		{C6CABD6B-275B-43D1-9C02-D373991A66F6}.Debug|x86.Build.0 = Debug|Any CPU
		{C6CABD6B-275B-43D1-9C02-D373991A66F6}.Release|Any CPU.ActiveCfg = Release|Any CPU
		{C6CABD6B-275B-43D1-9C02-D373991A66F6}.Release|Any CPU.Build.0 = Release|Any CPU
		{C6CABD6B-275B-43D1-9C02-D373991A66F6}.Release|x64.ActiveCfg = Release|Any CPU
		{C6CABD6B-275B-43D1-9C02-D373991A66F6}.Release|x64.Build.0 = Release|Any CPU
		{C6CABD6B-275B-43D1-9C02-D373991A66F6}.Release|x86.ActiveCfg = Release|Any CPU
		{C6CABD6B-275B-43D1-9C02-D373991A66F6}.Release|x86.Build.0 = Release|Any CPU
		{688C724E-8A41-49BF-ADFF-DBC290E5FA72}.Debug|Any CPU.ActiveCfg = Debug|Any CPU
		{688C724E-8A41-49BF-ADFF-DBC290E5FA72}.Debug|Any CPU.Build.0 = Debug|Any CPU
		{688C724E-8A41-49BF-ADFF-DBC290E5FA72}.Debug|x64.ActiveCfg = Debug|Any CPU
		{688C724E-8A41-49BF-ADFF-DBC290E5FA72}.Debug|x64.Build.0 = Debug|Any CPU
		{688C724E-8A41-49BF-ADFF-DBC290E5FA72}.Debug|x86.ActiveCfg = Debug|Any CPU
		{688C724E-8A41-49BF-ADFF-DBC290E5FA72}.Debug|x86.Build.0 = Debug|Any CPU
		{688C724E-8A41-49BF-ADFF-DBC290E5FA72}.Release|Any CPU.ActiveCfg = Release|Any CPU
		{688C724E-8A41-49BF-ADFF-DBC290E5FA72}.Release|Any CPU.Build.0 = Release|Any CPU
		{688C724E-8A41-49BF-ADFF-DBC290E5FA72}.Release|x64.ActiveCfg = Release|Any CPU
		{688C724E-8A41-49BF-ADFF-DBC290E5FA72}.Release|x64.Build.0 = Release|Any CPU
		{688C724E-8A41-49BF-ADFF-DBC290E5FA72}.Release|x86.ActiveCfg = Release|Any CPU
		{688C724E-8A41-49BF-ADFF-DBC290E5FA72}.Release|x86.Build.0 = Release|Any CPU
		{3008B437-F024-41D5-98CF-34EB831702EF}.Debug|Any CPU.ActiveCfg = Debug|Any CPU
		{3008B437-F024-41D5-98CF-34EB831702EF}.Debug|Any CPU.Build.0 = Debug|Any CPU
		{3008B437-F024-41D5-98CF-34EB831702EF}.Debug|x64.ActiveCfg = Debug|Any CPU
		{3008B437-F024-41D5-98CF-34EB831702EF}.Debug|x64.Build.0 = Debug|Any CPU
		{3008B437-F024-41D5-98CF-34EB831702EF}.Debug|x86.ActiveCfg = Debug|Any CPU
		{3008B437-F024-41D5-98CF-34EB831702EF}.Debug|x86.Build.0 = Debug|Any CPU
		{3008B437-F024-41D5-98CF-34EB831702EF}.Release|Any CPU.ActiveCfg = Release|Any CPU
		{3008B437-F024-41D5-98CF-34EB831702EF}.Release|Any CPU.Build.0 = Release|Any CPU
		{3008B437-F024-41D5-98CF-34EB831702EF}.Release|x64.ActiveCfg = Release|Any CPU
		{3008B437-F024-41D5-98CF-34EB831702EF}.Release|x64.Build.0 = Release|Any CPU
		{3008B437-F024-41D5-98CF-34EB831702EF}.Release|x86.ActiveCfg = Release|Any CPU
		{3008B437-F024-41D5-98CF-34EB831702EF}.Release|x86.Build.0 = Release|Any CPU
		{F3C30E6A-95A5-437B-BFDC-809B388FD962}.Debug|Any CPU.ActiveCfg = Debug|Any CPU
		{F3C30E6A-95A5-437B-BFDC-809B388FD962}.Debug|Any CPU.Build.0 = Debug|Any CPU
		{F3C30E6A-95A5-437B-BFDC-809B388FD962}.Debug|x64.ActiveCfg = Debug|Any CPU
		{F3C30E6A-95A5-437B-BFDC-809B388FD962}.Debug|x64.Build.0 = Debug|Any CPU
		{F3C30E6A-95A5-437B-BFDC-809B388FD962}.Debug|x86.ActiveCfg = Debug|Any CPU
		{F3C30E6A-95A5-437B-BFDC-809B388FD962}.Debug|x86.Build.0 = Debug|Any CPU
		{F3C30E6A-95A5-437B-BFDC-809B388FD962}.Release|Any CPU.ActiveCfg = Release|Any CPU
		{F3C30E6A-95A5-437B-BFDC-809B388FD962}.Release|Any CPU.Build.0 = Release|Any CPU
		{F3C30E6A-95A5-437B-BFDC-809B388FD962}.Release|x64.ActiveCfg = Release|Any CPU
		{F3C30E6A-95A5-437B-BFDC-809B388FD962}.Release|x64.Build.0 = Release|Any CPU
		{F3C30E6A-95A5-437B-BFDC-809B388FD962}.Release|x86.ActiveCfg = Release|Any CPU
		{F3C30E6A-95A5-437B-BFDC-809B388FD962}.Release|x86.Build.0 = Release|Any CPU
		{631B1EEB-B715-42F5-9C61-2F81CE8E58F7}.Debug|Any CPU.ActiveCfg = Debug|Any CPU
		{631B1EEB-B715-42F5-9C61-2F81CE8E58F7}.Debug|Any CPU.Build.0 = Debug|Any CPU
		{631B1EEB-B715-42F5-9C61-2F81CE8E58F7}.Debug|x64.ActiveCfg = Debug|Any CPU
		{631B1EEB-B715-42F5-9C61-2F81CE8E58F7}.Debug|x64.Build.0 = Debug|Any CPU
		{631B1EEB-B715-42F5-9C61-2F81CE8E58F7}.Debug|x86.ActiveCfg = Debug|Any CPU
		{631B1EEB-B715-42F5-9C61-2F81CE8E58F7}.Debug|x86.Build.0 = Debug|Any CPU
		{631B1EEB-B715-42F5-9C61-2F81CE8E58F7}.Release|Any CPU.ActiveCfg = Release|Any CPU
		{631B1EEB-B715-42F5-9C61-2F81CE8E58F7}.Release|Any CPU.Build.0 = Release|Any CPU
		{631B1EEB-B715-42F5-9C61-2F81CE8E58F7}.Release|x64.ActiveCfg = Release|Any CPU
		{631B1EEB-B715-42F5-9C61-2F81CE8E58F7}.Release|x64.Build.0 = Release|Any CPU
		{631B1EEB-B715-42F5-9C61-2F81CE8E58F7}.Release|x86.ActiveCfg = Release|Any CPU
		{631B1EEB-B715-42F5-9C61-2F81CE8E58F7}.Release|x86.Build.0 = Release|Any CPU
		{45E907EC-8B70-4A4B-8163-E18B4F604C13}.Debug|Any CPU.ActiveCfg = Debug|Any CPU
		{45E907EC-8B70-4A4B-8163-E18B4F604C13}.Debug|Any CPU.Build.0 = Debug|Any CPU
		{45E907EC-8B70-4A4B-8163-E18B4F604C13}.Debug|x64.ActiveCfg = Debug|Any CPU
		{45E907EC-8B70-4A4B-8163-E18B4F604C13}.Debug|x64.Build.0 = Debug|Any CPU
		{45E907EC-8B70-4A4B-8163-E18B4F604C13}.Debug|x86.ActiveCfg = Debug|Any CPU
		{45E907EC-8B70-4A4B-8163-E18B4F604C13}.Debug|x86.Build.0 = Debug|Any CPU
		{45E907EC-8B70-4A4B-8163-E18B4F604C13}.Release|Any CPU.ActiveCfg = Release|Any CPU
		{45E907EC-8B70-4A4B-8163-E18B4F604C13}.Release|Any CPU.Build.0 = Release|Any CPU
		{45E907EC-8B70-4A4B-8163-E18B4F604C13}.Release|x64.ActiveCfg = Release|Any CPU
		{45E907EC-8B70-4A4B-8163-E18B4F604C13}.Release|x64.Build.0 = Release|Any CPU
		{45E907EC-8B70-4A4B-8163-E18B4F604C13}.Release|x86.ActiveCfg = Release|Any CPU
		{45E907EC-8B70-4A4B-8163-E18B4F604C13}.Release|x86.Build.0 = Release|Any CPU
		{7641318A-19BB-40D5-8668-8DF59BBF646F}.Debug|Any CPU.ActiveCfg = Debug|Any CPU
		{7641318A-19BB-40D5-8668-8DF59BBF646F}.Debug|Any CPU.Build.0 = Debug|Any CPU
		{7641318A-19BB-40D5-8668-8DF59BBF646F}.Debug|x64.ActiveCfg = Debug|Any CPU
		{7641318A-19BB-40D5-8668-8DF59BBF646F}.Debug|x64.Build.0 = Debug|Any CPU
		{7641318A-19BB-40D5-8668-8DF59BBF646F}.Debug|x86.ActiveCfg = Debug|Any CPU
		{7641318A-19BB-40D5-8668-8DF59BBF646F}.Debug|x86.Build.0 = Debug|Any CPU
		{7641318A-19BB-40D5-8668-8DF59BBF646F}.Release|Any CPU.ActiveCfg = Release|Any CPU
		{7641318A-19BB-40D5-8668-8DF59BBF646F}.Release|Any CPU.Build.0 = Release|Any CPU
		{7641318A-19BB-40D5-8668-8DF59BBF646F}.Release|x64.ActiveCfg = Release|Any CPU
		{7641318A-19BB-40D5-8668-8DF59BBF646F}.Release|x64.Build.0 = Release|Any CPU
		{7641318A-19BB-40D5-8668-8DF59BBF646F}.Release|x86.ActiveCfg = Release|Any CPU
		{7641318A-19BB-40D5-8668-8DF59BBF646F}.Release|x86.Build.0 = Release|Any CPU
		{8AEB5A98-C1C5-43B8-93BA-E101B3651476}.Debug|Any CPU.ActiveCfg = Debug|Any CPU
		{8AEB5A98-C1C5-43B8-93BA-E101B3651476}.Debug|Any CPU.Build.0 = Debug|Any CPU
		{8AEB5A98-C1C5-43B8-93BA-E101B3651476}.Debug|x64.ActiveCfg = Debug|Any CPU
		{8AEB5A98-C1C5-43B8-93BA-E101B3651476}.Debug|x64.Build.0 = Debug|Any CPU
		{8AEB5A98-C1C5-43B8-93BA-E101B3651476}.Debug|x86.ActiveCfg = Debug|Any CPU
		{8AEB5A98-C1C5-43B8-93BA-E101B3651476}.Debug|x86.Build.0 = Debug|Any CPU
		{8AEB5A98-C1C5-43B8-93BA-E101B3651476}.Release|Any CPU.ActiveCfg = Release|Any CPU
		{8AEB5A98-C1C5-43B8-93BA-E101B3651476}.Release|Any CPU.Build.0 = Release|Any CPU
		{8AEB5A98-C1C5-43B8-93BA-E101B3651476}.Release|x64.ActiveCfg = Release|Any CPU
		{8AEB5A98-C1C5-43B8-93BA-E101B3651476}.Release|x64.Build.0 = Release|Any CPU
		{8AEB5A98-C1C5-43B8-93BA-E101B3651476}.Release|x86.ActiveCfg = Release|Any CPU
		{8AEB5A98-C1C5-43B8-93BA-E101B3651476}.Release|x86.Build.0 = Release|Any CPU
		{0D096966-0FAB-428A-80A4-5ED9CF231967}.Debug|Any CPU.ActiveCfg = Debug|Any CPU
		{0D096966-0FAB-428A-80A4-5ED9CF231967}.Debug|Any CPU.Build.0 = Debug|Any CPU
		{0D096966-0FAB-428A-80A4-5ED9CF231967}.Debug|x64.ActiveCfg = Debug|Any CPU
		{0D096966-0FAB-428A-80A4-5ED9CF231967}.Debug|x64.Build.0 = Debug|Any CPU
		{0D096966-0FAB-428A-80A4-5ED9CF231967}.Debug|x86.ActiveCfg = Debug|Any CPU
		{0D096966-0FAB-428A-80A4-5ED9CF231967}.Debug|x86.Build.0 = Debug|Any CPU
		{0D096966-0FAB-428A-80A4-5ED9CF231967}.Release|Any CPU.ActiveCfg = Release|Any CPU
		{0D096966-0FAB-428A-80A4-5ED9CF231967}.Release|Any CPU.Build.0 = Release|Any CPU
		{0D096966-0FAB-428A-80A4-5ED9CF231967}.Release|x64.ActiveCfg = Release|Any CPU
		{0D096966-0FAB-428A-80A4-5ED9CF231967}.Release|x64.Build.0 = Release|Any CPU
		{0D096966-0FAB-428A-80A4-5ED9CF231967}.Release|x86.ActiveCfg = Release|Any CPU
		{0D096966-0FAB-428A-80A4-5ED9CF231967}.Release|x86.Build.0 = Release|Any CPU
		{E540549A-1B22-4726-918C-101CFB61AA7B}.Debug|Any CPU.ActiveCfg = Debug|Any CPU
		{E540549A-1B22-4726-918C-101CFB61AA7B}.Debug|Any CPU.Build.0 = Debug|Any CPU
		{E540549A-1B22-4726-918C-101CFB61AA7B}.Debug|x64.ActiveCfg = Debug|Any CPU
		{E540549A-1B22-4726-918C-101CFB61AA7B}.Debug|x64.Build.0 = Debug|Any CPU
		{E540549A-1B22-4726-918C-101CFB61AA7B}.Debug|x86.ActiveCfg = Debug|Any CPU
		{E540549A-1B22-4726-918C-101CFB61AA7B}.Debug|x86.Build.0 = Debug|Any CPU
		{E540549A-1B22-4726-918C-101CFB61AA7B}.Release|Any CPU.ActiveCfg = Release|Any CPU
		{E540549A-1B22-4726-918C-101CFB61AA7B}.Release|Any CPU.Build.0 = Release|Any CPU
		{E540549A-1B22-4726-918C-101CFB61AA7B}.Release|x64.ActiveCfg = Release|Any CPU
		{E540549A-1B22-4726-918C-101CFB61AA7B}.Release|x64.Build.0 = Release|Any CPU
		{E540549A-1B22-4726-918C-101CFB61AA7B}.Release|x86.ActiveCfg = Release|Any CPU
		{E540549A-1B22-4726-918C-101CFB61AA7B}.Release|x86.Build.0 = Release|Any CPU
		{997AF9FC-8745-4B9E-A108-8C76D66F69DF}.Debug|Any CPU.ActiveCfg = Debug|Any CPU
		{997AF9FC-8745-4B9E-A108-8C76D66F69DF}.Debug|Any CPU.Build.0 = Debug|Any CPU
		{997AF9FC-8745-4B9E-A108-8C76D66F69DF}.Debug|x64.ActiveCfg = Debug|Any CPU
		{997AF9FC-8745-4B9E-A108-8C76D66F69DF}.Debug|x64.Build.0 = Debug|Any CPU
		{997AF9FC-8745-4B9E-A108-8C76D66F69DF}.Debug|x86.ActiveCfg = Debug|Any CPU
		{997AF9FC-8745-4B9E-A108-8C76D66F69DF}.Debug|x86.Build.0 = Debug|Any CPU
		{997AF9FC-8745-4B9E-A108-8C76D66F69DF}.Release|Any CPU.ActiveCfg = Release|Any CPU
		{997AF9FC-8745-4B9E-A108-8C76D66F69DF}.Release|Any CPU.Build.0 = Release|Any CPU
		{997AF9FC-8745-4B9E-A108-8C76D66F69DF}.Release|x64.ActiveCfg = Release|Any CPU
		{997AF9FC-8745-4B9E-A108-8C76D66F69DF}.Release|x64.Build.0 = Release|Any CPU
		{997AF9FC-8745-4B9E-A108-8C76D66F69DF}.Release|x86.ActiveCfg = Release|Any CPU
		{997AF9FC-8745-4B9E-A108-8C76D66F69DF}.Release|x86.Build.0 = Release|Any CPU
		{FB6AAB26-53E4-431A-B027-3F7AEF30A1F1}.Debug|Any CPU.ActiveCfg = Debug|Any CPU
		{FB6AAB26-53E4-431A-B027-3F7AEF30A1F1}.Debug|Any CPU.Build.0 = Debug|Any CPU
		{FB6AAB26-53E4-431A-B027-3F7AEF30A1F1}.Debug|x64.ActiveCfg = Debug|Any CPU
		{FB6AAB26-53E4-431A-B027-3F7AEF30A1F1}.Debug|x64.Build.0 = Debug|Any CPU
		{FB6AAB26-53E4-431A-B027-3F7AEF30A1F1}.Debug|x86.ActiveCfg = Debug|Any CPU
		{FB6AAB26-53E4-431A-B027-3F7AEF30A1F1}.Debug|x86.Build.0 = Debug|Any CPU
		{FB6AAB26-53E4-431A-B027-3F7AEF30A1F1}.Release|Any CPU.ActiveCfg = Release|Any CPU
		{FB6AAB26-53E4-431A-B027-3F7AEF30A1F1}.Release|Any CPU.Build.0 = Release|Any CPU
		{FB6AAB26-53E4-431A-B027-3F7AEF30A1F1}.Release|x64.ActiveCfg = Release|Any CPU
		{FB6AAB26-53E4-431A-B027-3F7AEF30A1F1}.Release|x64.Build.0 = Release|Any CPU
		{FB6AAB26-53E4-431A-B027-3F7AEF30A1F1}.Release|x86.ActiveCfg = Release|Any CPU
		{FB6AAB26-53E4-431A-B027-3F7AEF30A1F1}.Release|x86.Build.0 = Release|Any CPU
		{EA4A886C-FB02-47E2-8AD0-57AC5404209E}.Debug|Any CPU.ActiveCfg = Debug|Any CPU
		{EA4A886C-FB02-47E2-8AD0-57AC5404209E}.Debug|Any CPU.Build.0 = Debug|Any CPU
		{EA4A886C-FB02-47E2-8AD0-57AC5404209E}.Debug|x64.ActiveCfg = Debug|Any CPU
		{EA4A886C-FB02-47E2-8AD0-57AC5404209E}.Debug|x64.Build.0 = Debug|Any CPU
		{EA4A886C-FB02-47E2-8AD0-57AC5404209E}.Debug|x86.ActiveCfg = Debug|Any CPU
		{EA4A886C-FB02-47E2-8AD0-57AC5404209E}.Debug|x86.Build.0 = Debug|Any CPU
		{EA4A886C-FB02-47E2-8AD0-57AC5404209E}.Release|Any CPU.ActiveCfg = Release|Any CPU
		{EA4A886C-FB02-47E2-8AD0-57AC5404209E}.Release|Any CPU.Build.0 = Release|Any CPU
		{EA4A886C-FB02-47E2-8AD0-57AC5404209E}.Release|x64.ActiveCfg = Release|Any CPU
		{EA4A886C-FB02-47E2-8AD0-57AC5404209E}.Release|x64.Build.0 = Release|Any CPU
		{EA4A886C-FB02-47E2-8AD0-57AC5404209E}.Release|x86.ActiveCfg = Release|Any CPU
		{EA4A886C-FB02-47E2-8AD0-57AC5404209E}.Release|x86.Build.0 = Release|Any CPU
		{5CF9AD3A-3B0B-402A-8DD8-865B746F9FE3}.Debug|Any CPU.ActiveCfg = Debug|Any CPU
		{5CF9AD3A-3B0B-402A-8DD8-865B746F9FE3}.Debug|Any CPU.Build.0 = Debug|Any CPU
		{5CF9AD3A-3B0B-402A-8DD8-865B746F9FE3}.Debug|x64.ActiveCfg = Debug|Any CPU
		{5CF9AD3A-3B0B-402A-8DD8-865B746F9FE3}.Debug|x64.Build.0 = Debug|Any CPU
		{5CF9AD3A-3B0B-402A-8DD8-865B746F9FE3}.Debug|x86.ActiveCfg = Debug|Any CPU
		{5CF9AD3A-3B0B-402A-8DD8-865B746F9FE3}.Debug|x86.Build.0 = Debug|Any CPU
		{5CF9AD3A-3B0B-402A-8DD8-865B746F9FE3}.Release|Any CPU.ActiveCfg = Release|Any CPU
		{5CF9AD3A-3B0B-402A-8DD8-865B746F9FE3}.Release|Any CPU.Build.0 = Release|Any CPU
		{5CF9AD3A-3B0B-402A-8DD8-865B746F9FE3}.Release|x64.ActiveCfg = Release|Any CPU
		{5CF9AD3A-3B0B-402A-8DD8-865B746F9FE3}.Release|x64.Build.0 = Release|Any CPU
		{5CF9AD3A-3B0B-402A-8DD8-865B746F9FE3}.Release|x86.ActiveCfg = Release|Any CPU
		{5CF9AD3A-3B0B-402A-8DD8-865B746F9FE3}.Release|x86.Build.0 = Release|Any CPU
		{EC274F36-8F25-4519-B122-354D6EE8E552}.Debug|Any CPU.ActiveCfg = Debug|Any CPU
		{EC274F36-8F25-4519-B122-354D6EE8E552}.Debug|Any CPU.Build.0 = Debug|Any CPU
		{EC274F36-8F25-4519-B122-354D6EE8E552}.Debug|x64.ActiveCfg = Debug|Any CPU
		{EC274F36-8F25-4519-B122-354D6EE8E552}.Debug|x64.Build.0 = Debug|Any CPU
		{EC274F36-8F25-4519-B122-354D6EE8E552}.Debug|x86.ActiveCfg = Debug|Any CPU
		{EC274F36-8F25-4519-B122-354D6EE8E552}.Debug|x86.Build.0 = Debug|Any CPU
		{EC274F36-8F25-4519-B122-354D6EE8E552}.Release|Any CPU.ActiveCfg = Release|Any CPU
		{EC274F36-8F25-4519-B122-354D6EE8E552}.Release|Any CPU.Build.0 = Release|Any CPU
		{EC274F36-8F25-4519-B122-354D6EE8E552}.Release|x64.ActiveCfg = Release|Any CPU
		{EC274F36-8F25-4519-B122-354D6EE8E552}.Release|x64.Build.0 = Release|Any CPU
		{EC274F36-8F25-4519-B122-354D6EE8E552}.Release|x86.ActiveCfg = Release|Any CPU
		{EC274F36-8F25-4519-B122-354D6EE8E552}.Release|x86.Build.0 = Release|Any CPU
		{1C54C2BC-F8E1-4E99-AD4F-02F28283C660}.Debug|Any CPU.ActiveCfg = Debug|Any CPU
		{1C54C2BC-F8E1-4E99-AD4F-02F28283C660}.Debug|Any CPU.Build.0 = Debug|Any CPU
		{1C54C2BC-F8E1-4E99-AD4F-02F28283C660}.Debug|x64.ActiveCfg = Debug|Any CPU
		{1C54C2BC-F8E1-4E99-AD4F-02F28283C660}.Debug|x64.Build.0 = Debug|Any CPU
		{1C54C2BC-F8E1-4E99-AD4F-02F28283C660}.Debug|x86.ActiveCfg = Debug|Any CPU
		{1C54C2BC-F8E1-4E99-AD4F-02F28283C660}.Debug|x86.Build.0 = Debug|Any CPU
		{1C54C2BC-F8E1-4E99-AD4F-02F28283C660}.Release|Any CPU.ActiveCfg = Release|Any CPU
		{1C54C2BC-F8E1-4E99-AD4F-02F28283C660}.Release|Any CPU.Build.0 = Release|Any CPU
		{1C54C2BC-F8E1-4E99-AD4F-02F28283C660}.Release|x64.ActiveCfg = Release|Any CPU
		{1C54C2BC-F8E1-4E99-AD4F-02F28283C660}.Release|x64.Build.0 = Release|Any CPU
		{1C54C2BC-F8E1-4E99-AD4F-02F28283C660}.Release|x86.ActiveCfg = Release|Any CPU
		{1C54C2BC-F8E1-4E99-AD4F-02F28283C660}.Release|x86.Build.0 = Release|Any CPU
		{4D26582D-C6D2-42A6-8A4C-63C01817614E}.Debug|Any CPU.ActiveCfg = Debug|Any CPU
		{4D26582D-C6D2-42A6-8A4C-63C01817614E}.Debug|Any CPU.Build.0 = Debug|Any CPU
		{4D26582D-C6D2-42A6-8A4C-63C01817614E}.Debug|x64.ActiveCfg = Debug|Any CPU
		{4D26582D-C6D2-42A6-8A4C-63C01817614E}.Debug|x64.Build.0 = Debug|Any CPU
		{4D26582D-C6D2-42A6-8A4C-63C01817614E}.Debug|x86.ActiveCfg = Debug|Any CPU
		{4D26582D-C6D2-42A6-8A4C-63C01817614E}.Debug|x86.Build.0 = Debug|Any CPU
		{4D26582D-C6D2-42A6-8A4C-63C01817614E}.Release|Any CPU.ActiveCfg = Release|Any CPU
		{4D26582D-C6D2-42A6-8A4C-63C01817614E}.Release|Any CPU.Build.0 = Release|Any CPU
		{4D26582D-C6D2-42A6-8A4C-63C01817614E}.Release|x64.ActiveCfg = Release|Any CPU
		{4D26582D-C6D2-42A6-8A4C-63C01817614E}.Release|x64.Build.0 = Release|Any CPU
		{4D26582D-C6D2-42A6-8A4C-63C01817614E}.Release|x86.ActiveCfg = Release|Any CPU
		{4D26582D-C6D2-42A6-8A4C-63C01817614E}.Release|x86.Build.0 = Release|Any CPU
		{1049DCA0-CE40-4B26-BA6B-5677AF5F89FD}.Debug|Any CPU.ActiveCfg = Debug|Any CPU
		{1049DCA0-CE40-4B26-BA6B-5677AF5F89FD}.Debug|Any CPU.Build.0 = Debug|Any CPU
		{1049DCA0-CE40-4B26-BA6B-5677AF5F89FD}.Debug|x64.ActiveCfg = Debug|Any CPU
		{1049DCA0-CE40-4B26-BA6B-5677AF5F89FD}.Debug|x64.Build.0 = Debug|Any CPU
		{1049DCA0-CE40-4B26-BA6B-5677AF5F89FD}.Debug|x86.ActiveCfg = Debug|Any CPU
		{1049DCA0-CE40-4B26-BA6B-5677AF5F89FD}.Debug|x86.Build.0 = Debug|Any CPU
		{1049DCA0-CE40-4B26-BA6B-5677AF5F89FD}.Release|Any CPU.ActiveCfg = Release|Any CPU
		{1049DCA0-CE40-4B26-BA6B-5677AF5F89FD}.Release|Any CPU.Build.0 = Release|Any CPU
		{1049DCA0-CE40-4B26-BA6B-5677AF5F89FD}.Release|x64.ActiveCfg = Release|Any CPU
		{1049DCA0-CE40-4B26-BA6B-5677AF5F89FD}.Release|x64.Build.0 = Release|Any CPU
		{1049DCA0-CE40-4B26-BA6B-5677AF5F89FD}.Release|x86.ActiveCfg = Release|Any CPU
		{1049DCA0-CE40-4B26-BA6B-5677AF5F89FD}.Release|x86.Build.0 = Release|Any CPU
		{1AA98D79-A54F-4ADB-8E8C-837C2BED8656}.Debug|Any CPU.ActiveCfg = Debug|Any CPU
		{1AA98D79-A54F-4ADB-8E8C-837C2BED8656}.Debug|Any CPU.Build.0 = Debug|Any CPU
		{1AA98D79-A54F-4ADB-8E8C-837C2BED8656}.Debug|x64.ActiveCfg = Debug|Any CPU
		{1AA98D79-A54F-4ADB-8E8C-837C2BED8656}.Debug|x64.Build.0 = Debug|Any CPU
		{1AA98D79-A54F-4ADB-8E8C-837C2BED8656}.Debug|x86.ActiveCfg = Debug|Any CPU
		{1AA98D79-A54F-4ADB-8E8C-837C2BED8656}.Debug|x86.Build.0 = Debug|Any CPU
		{1AA98D79-A54F-4ADB-8E8C-837C2BED8656}.Release|Any CPU.ActiveCfg = Release|Any CPU
		{1AA98D79-A54F-4ADB-8E8C-837C2BED8656}.Release|Any CPU.Build.0 = Release|Any CPU
		{1AA98D79-A54F-4ADB-8E8C-837C2BED8656}.Release|x64.ActiveCfg = Release|Any CPU
		{1AA98D79-A54F-4ADB-8E8C-837C2BED8656}.Release|x64.Build.0 = Release|Any CPU
		{1AA98D79-A54F-4ADB-8E8C-837C2BED8656}.Release|x86.ActiveCfg = Release|Any CPU
		{1AA98D79-A54F-4ADB-8E8C-837C2BED8656}.Release|x86.Build.0 = Release|Any CPU
		{0228EDDF-9DA3-4BF6-81E0-BAFF44C66975}.Debug|Any CPU.ActiveCfg = Debug|Any CPU
		{0228EDDF-9DA3-4BF6-81E0-BAFF44C66975}.Debug|Any CPU.Build.0 = Debug|Any CPU
		{0228EDDF-9DA3-4BF6-81E0-BAFF44C66975}.Debug|x64.ActiveCfg = Debug|Any CPU
		{0228EDDF-9DA3-4BF6-81E0-BAFF44C66975}.Debug|x64.Build.0 = Debug|Any CPU
		{0228EDDF-9DA3-4BF6-81E0-BAFF44C66975}.Debug|x86.ActiveCfg = Debug|Any CPU
		{0228EDDF-9DA3-4BF6-81E0-BAFF44C66975}.Debug|x86.Build.0 = Debug|Any CPU
		{0228EDDF-9DA3-4BF6-81E0-BAFF44C66975}.Release|Any CPU.ActiveCfg = Release|Any CPU
		{0228EDDF-9DA3-4BF6-81E0-BAFF44C66975}.Release|Any CPU.Build.0 = Release|Any CPU
		{0228EDDF-9DA3-4BF6-81E0-BAFF44C66975}.Release|x64.ActiveCfg = Release|Any CPU
		{0228EDDF-9DA3-4BF6-81E0-BAFF44C66975}.Release|x64.Build.0 = Release|Any CPU
		{0228EDDF-9DA3-4BF6-81E0-BAFF44C66975}.Release|x86.ActiveCfg = Release|Any CPU
		{0228EDDF-9DA3-4BF6-81E0-BAFF44C66975}.Release|x86.Build.0 = Release|Any CPU
		{E9A88105-2B05-4B8F-8DC9-827F1B807C6B}.Debug|Any CPU.ActiveCfg = Debug|Any CPU
		{E9A88105-2B05-4B8F-8DC9-827F1B807C6B}.Debug|Any CPU.Build.0 = Debug|Any CPU
		{E9A88105-2B05-4B8F-8DC9-827F1B807C6B}.Debug|x64.ActiveCfg = Debug|Any CPU
		{E9A88105-2B05-4B8F-8DC9-827F1B807C6B}.Debug|x64.Build.0 = Debug|Any CPU
		{E9A88105-2B05-4B8F-8DC9-827F1B807C6B}.Debug|x86.ActiveCfg = Debug|Any CPU
		{E9A88105-2B05-4B8F-8DC9-827F1B807C6B}.Debug|x86.Build.0 = Debug|Any CPU
		{E9A88105-2B05-4B8F-8DC9-827F1B807C6B}.Release|Any CPU.ActiveCfg = Release|Any CPU
		{E9A88105-2B05-4B8F-8DC9-827F1B807C6B}.Release|Any CPU.Build.0 = Release|Any CPU
		{E9A88105-2B05-4B8F-8DC9-827F1B807C6B}.Release|x64.ActiveCfg = Release|Any CPU
		{E9A88105-2B05-4B8F-8DC9-827F1B807C6B}.Release|x64.Build.0 = Release|Any CPU
		{E9A88105-2B05-4B8F-8DC9-827F1B807C6B}.Release|x86.ActiveCfg = Release|Any CPU
		{E9A88105-2B05-4B8F-8DC9-827F1B807C6B}.Release|x86.Build.0 = Release|Any CPU
		{2D6CCF7F-2442-49BD-9349-A9E8C32BC109}.Debug|Any CPU.ActiveCfg = Debug|Any CPU
		{2D6CCF7F-2442-49BD-9349-A9E8C32BC109}.Debug|Any CPU.Build.0 = Debug|Any CPU
		{2D6CCF7F-2442-49BD-9349-A9E8C32BC109}.Debug|x64.ActiveCfg = Debug|Any CPU
		{2D6CCF7F-2442-49BD-9349-A9E8C32BC109}.Debug|x64.Build.0 = Debug|Any CPU
		{2D6CCF7F-2442-49BD-9349-A9E8C32BC109}.Debug|x86.ActiveCfg = Debug|Any CPU
		{2D6CCF7F-2442-49BD-9349-A9E8C32BC109}.Debug|x86.Build.0 = Debug|Any CPU
		{2D6CCF7F-2442-49BD-9349-A9E8C32BC109}.Release|Any CPU.ActiveCfg = Release|Any CPU
		{2D6CCF7F-2442-49BD-9349-A9E8C32BC109}.Release|Any CPU.Build.0 = Release|Any CPU
		{2D6CCF7F-2442-49BD-9349-A9E8C32BC109}.Release|x64.ActiveCfg = Release|Any CPU
		{2D6CCF7F-2442-49BD-9349-A9E8C32BC109}.Release|x64.Build.0 = Release|Any CPU
		{2D6CCF7F-2442-49BD-9349-A9E8C32BC109}.Release|x86.ActiveCfg = Release|Any CPU
		{2D6CCF7F-2442-49BD-9349-A9E8C32BC109}.Release|x86.Build.0 = Release|Any CPU
		{C1E883BC-6386-4763-A509-3791B54901C4}.Debug|Any CPU.ActiveCfg = Debug|Any CPU
		{C1E883BC-6386-4763-A509-3791B54901C4}.Debug|Any CPU.Build.0 = Debug|Any CPU
		{C1E883BC-6386-4763-A509-3791B54901C4}.Debug|x64.ActiveCfg = Debug|Any CPU
		{C1E883BC-6386-4763-A509-3791B54901C4}.Debug|x64.Build.0 = Debug|Any CPU
		{C1E883BC-6386-4763-A509-3791B54901C4}.Debug|x86.ActiveCfg = Debug|Any CPU
		{C1E883BC-6386-4763-A509-3791B54901C4}.Debug|x86.Build.0 = Debug|Any CPU
		{C1E883BC-6386-4763-A509-3791B54901C4}.Release|Any CPU.ActiveCfg = Release|Any CPU
		{C1E883BC-6386-4763-A509-3791B54901C4}.Release|Any CPU.Build.0 = Release|Any CPU
		{C1E883BC-6386-4763-A509-3791B54901C4}.Release|x64.ActiveCfg = Release|Any CPU
		{C1E883BC-6386-4763-A509-3791B54901C4}.Release|x64.Build.0 = Release|Any CPU
		{C1E883BC-6386-4763-A509-3791B54901C4}.Release|x86.ActiveCfg = Release|Any CPU
		{C1E883BC-6386-4763-A509-3791B54901C4}.Release|x86.Build.0 = Release|Any CPU
		{4BE2504E-42FA-451B-9B30-D107000CC86C}.Debug|Any CPU.ActiveCfg = Debug|Any CPU
		{4BE2504E-42FA-451B-9B30-D107000CC86C}.Debug|Any CPU.Build.0 = Debug|Any CPU
		{4BE2504E-42FA-451B-9B30-D107000CC86C}.Debug|x64.ActiveCfg = Debug|Any CPU
		{4BE2504E-42FA-451B-9B30-D107000CC86C}.Debug|x64.Build.0 = Debug|Any CPU
		{4BE2504E-42FA-451B-9B30-D107000CC86C}.Debug|x86.ActiveCfg = Debug|Any CPU
		{4BE2504E-42FA-451B-9B30-D107000CC86C}.Debug|x86.Build.0 = Debug|Any CPU
		{4BE2504E-42FA-451B-9B30-D107000CC86C}.Release|Any CPU.ActiveCfg = Release|Any CPU
		{4BE2504E-42FA-451B-9B30-D107000CC86C}.Release|Any CPU.Build.0 = Release|Any CPU
		{4BE2504E-42FA-451B-9B30-D107000CC86C}.Release|x64.ActiveCfg = Release|Any CPU
		{4BE2504E-42FA-451B-9B30-D107000CC86C}.Release|x64.Build.0 = Release|Any CPU
		{4BE2504E-42FA-451B-9B30-D107000CC86C}.Release|x86.ActiveCfg = Release|Any CPU
		{4BE2504E-42FA-451B-9B30-D107000CC86C}.Release|x86.Build.0 = Release|Any CPU
		{62778BEC-FC16-473F-96EE-AB81D7DF117A}.Debug|Any CPU.ActiveCfg = Debug|Any CPU
		{62778BEC-FC16-473F-96EE-AB81D7DF117A}.Debug|Any CPU.Build.0 = Debug|Any CPU
		{62778BEC-FC16-473F-96EE-AB81D7DF117A}.Debug|x64.ActiveCfg = Debug|Any CPU
		{62778BEC-FC16-473F-96EE-AB81D7DF117A}.Debug|x64.Build.0 = Debug|Any CPU
		{62778BEC-FC16-473F-96EE-AB81D7DF117A}.Debug|x86.ActiveCfg = Debug|Any CPU
		{62778BEC-FC16-473F-96EE-AB81D7DF117A}.Debug|x86.Build.0 = Debug|Any CPU
		{62778BEC-FC16-473F-96EE-AB81D7DF117A}.Release|Any CPU.ActiveCfg = Release|Any CPU
		{62778BEC-FC16-473F-96EE-AB81D7DF117A}.Release|Any CPU.Build.0 = Release|Any CPU
		{62778BEC-FC16-473F-96EE-AB81D7DF117A}.Release|x64.ActiveCfg = Release|Any CPU
		{62778BEC-FC16-473F-96EE-AB81D7DF117A}.Release|x64.Build.0 = Release|Any CPU
		{62778BEC-FC16-473F-96EE-AB81D7DF117A}.Release|x86.ActiveCfg = Release|Any CPU
		{62778BEC-FC16-473F-96EE-AB81D7DF117A}.Release|x86.Build.0 = Release|Any CPU
		{7CE79ED2-1851-486B-B1E6-2032D20F4833}.Debug|Any CPU.ActiveCfg = Debug|Any CPU
		{7CE79ED2-1851-486B-B1E6-2032D20F4833}.Debug|Any CPU.Build.0 = Debug|Any CPU
		{7CE79ED2-1851-486B-B1E6-2032D20F4833}.Debug|x64.ActiveCfg = Debug|Any CPU
		{7CE79ED2-1851-486B-B1E6-2032D20F4833}.Debug|x64.Build.0 = Debug|Any CPU
		{7CE79ED2-1851-486B-B1E6-2032D20F4833}.Debug|x86.ActiveCfg = Debug|Any CPU
		{7CE79ED2-1851-486B-B1E6-2032D20F4833}.Debug|x86.Build.0 = Debug|Any CPU
		{7CE79ED2-1851-486B-B1E6-2032D20F4833}.Release|Any CPU.ActiveCfg = Release|Any CPU
		{7CE79ED2-1851-486B-B1E6-2032D20F4833}.Release|Any CPU.Build.0 = Release|Any CPU
		{7CE79ED2-1851-486B-B1E6-2032D20F4833}.Release|x64.ActiveCfg = Release|Any CPU
		{7CE79ED2-1851-486B-B1E6-2032D20F4833}.Release|x64.Build.0 = Release|Any CPU
		{7CE79ED2-1851-486B-B1E6-2032D20F4833}.Release|x86.ActiveCfg = Release|Any CPU
		{7CE79ED2-1851-486B-B1E6-2032D20F4833}.Release|x86.Build.0 = Release|Any CPU
		{88AE4AAB-577E-42E6-8CA5-2C15A51EBF79}.Debug|Any CPU.ActiveCfg = Debug|Any CPU
		{88AE4AAB-577E-42E6-8CA5-2C15A51EBF79}.Debug|Any CPU.Build.0 = Debug|Any CPU
		{88AE4AAB-577E-42E6-8CA5-2C15A51EBF79}.Debug|x64.ActiveCfg = Debug|Any CPU
		{88AE4AAB-577E-42E6-8CA5-2C15A51EBF79}.Debug|x64.Build.0 = Debug|Any CPU
		{88AE4AAB-577E-42E6-8CA5-2C15A51EBF79}.Debug|x86.ActiveCfg = Debug|Any CPU
		{88AE4AAB-577E-42E6-8CA5-2C15A51EBF79}.Debug|x86.Build.0 = Debug|Any CPU
		{88AE4AAB-577E-42E6-8CA5-2C15A51EBF79}.Release|Any CPU.ActiveCfg = Release|Any CPU
		{88AE4AAB-577E-42E6-8CA5-2C15A51EBF79}.Release|Any CPU.Build.0 = Release|Any CPU
		{88AE4AAB-577E-42E6-8CA5-2C15A51EBF79}.Release|x64.ActiveCfg = Release|Any CPU
		{88AE4AAB-577E-42E6-8CA5-2C15A51EBF79}.Release|x64.Build.0 = Release|Any CPU
		{88AE4AAB-577E-42E6-8CA5-2C15A51EBF79}.Release|x86.ActiveCfg = Release|Any CPU
		{88AE4AAB-577E-42E6-8CA5-2C15A51EBF79}.Release|x86.Build.0 = Release|Any CPU
		{0DBC7C0F-C6B3-47F2-983E-807EF83B7F44}.Debug|Any CPU.ActiveCfg = Debug|Any CPU
		{0DBC7C0F-C6B3-47F2-983E-807EF83B7F44}.Debug|Any CPU.Build.0 = Debug|Any CPU
		{0DBC7C0F-C6B3-47F2-983E-807EF83B7F44}.Debug|x64.ActiveCfg = Debug|Any CPU
		{0DBC7C0F-C6B3-47F2-983E-807EF83B7F44}.Debug|x64.Build.0 = Debug|Any CPU
		{0DBC7C0F-C6B3-47F2-983E-807EF83B7F44}.Debug|x86.ActiveCfg = Debug|Any CPU
		{0DBC7C0F-C6B3-47F2-983E-807EF83B7F44}.Debug|x86.Build.0 = Debug|Any CPU
		{0DBC7C0F-C6B3-47F2-983E-807EF83B7F44}.Release|Any CPU.ActiveCfg = Release|Any CPU
		{0DBC7C0F-C6B3-47F2-983E-807EF83B7F44}.Release|Any CPU.Build.0 = Release|Any CPU
		{0DBC7C0F-C6B3-47F2-983E-807EF83B7F44}.Release|x64.ActiveCfg = Release|Any CPU
		{0DBC7C0F-C6B3-47F2-983E-807EF83B7F44}.Release|x64.Build.0 = Release|Any CPU
		{0DBC7C0F-C6B3-47F2-983E-807EF83B7F44}.Release|x86.ActiveCfg = Release|Any CPU
		{0DBC7C0F-C6B3-47F2-983E-807EF83B7F44}.Release|x86.Build.0 = Release|Any CPU
		{FFD0BDB7-B98D-416F-B7EA-FDBE87BB9952}.Debug|Any CPU.ActiveCfg = Debug|Any CPU
		{FFD0BDB7-B98D-416F-B7EA-FDBE87BB9952}.Debug|Any CPU.Build.0 = Debug|Any CPU
		{FFD0BDB7-B98D-416F-B7EA-FDBE87BB9952}.Debug|x64.ActiveCfg = Debug|Any CPU
		{FFD0BDB7-B98D-416F-B7EA-FDBE87BB9952}.Debug|x64.Build.0 = Debug|Any CPU
		{FFD0BDB7-B98D-416F-B7EA-FDBE87BB9952}.Debug|x86.ActiveCfg = Debug|Any CPU
		{FFD0BDB7-B98D-416F-B7EA-FDBE87BB9952}.Debug|x86.Build.0 = Debug|Any CPU
		{FFD0BDB7-B98D-416F-B7EA-FDBE87BB9952}.Release|Any CPU.ActiveCfg = Release|Any CPU
		{FFD0BDB7-B98D-416F-B7EA-FDBE87BB9952}.Release|Any CPU.Build.0 = Release|Any CPU
		{FFD0BDB7-B98D-416F-B7EA-FDBE87BB9952}.Release|x64.ActiveCfg = Release|Any CPU
		{FFD0BDB7-B98D-416F-B7EA-FDBE87BB9952}.Release|x64.Build.0 = Release|Any CPU
		{FFD0BDB7-B98D-416F-B7EA-FDBE87BB9952}.Release|x86.ActiveCfg = Release|Any CPU
		{FFD0BDB7-B98D-416F-B7EA-FDBE87BB9952}.Release|x86.Build.0 = Release|Any CPU
		{BDE55D86-28BE-471F-95EC-293F7EC531F1}.Debug|Any CPU.ActiveCfg = Debug|Any CPU
		{BDE55D86-28BE-471F-95EC-293F7EC531F1}.Debug|Any CPU.Build.0 = Debug|Any CPU
		{BDE55D86-28BE-471F-95EC-293F7EC531F1}.Debug|x64.ActiveCfg = Debug|Any CPU
		{BDE55D86-28BE-471F-95EC-293F7EC531F1}.Debug|x64.Build.0 = Debug|Any CPU
		{BDE55D86-28BE-471F-95EC-293F7EC531F1}.Debug|x86.ActiveCfg = Debug|Any CPU
		{BDE55D86-28BE-471F-95EC-293F7EC531F1}.Debug|x86.Build.0 = Debug|Any CPU
		{BDE55D86-28BE-471F-95EC-293F7EC531F1}.Release|Any CPU.ActiveCfg = Release|Any CPU
		{BDE55D86-28BE-471F-95EC-293F7EC531F1}.Release|Any CPU.Build.0 = Release|Any CPU
		{BDE55D86-28BE-471F-95EC-293F7EC531F1}.Release|x64.ActiveCfg = Release|Any CPU
		{BDE55D86-28BE-471F-95EC-293F7EC531F1}.Release|x64.Build.0 = Release|Any CPU
		{BDE55D86-28BE-471F-95EC-293F7EC531F1}.Release|x86.ActiveCfg = Release|Any CPU
		{BDE55D86-28BE-471F-95EC-293F7EC531F1}.Release|x86.Build.0 = Release|Any CPU
		{FEBA0B73-B746-4B01-9EAD-A519FAB0C411}.Debug|Any CPU.ActiveCfg = Debug|Any CPU
		{FEBA0B73-B746-4B01-9EAD-A519FAB0C411}.Debug|Any CPU.Build.0 = Debug|Any CPU
		{FEBA0B73-B746-4B01-9EAD-A519FAB0C411}.Debug|x64.ActiveCfg = Debug|Any CPU
		{FEBA0B73-B746-4B01-9EAD-A519FAB0C411}.Debug|x64.Build.0 = Debug|Any CPU
		{FEBA0B73-B746-4B01-9EAD-A519FAB0C411}.Debug|x86.ActiveCfg = Debug|Any CPU
		{FEBA0B73-B746-4B01-9EAD-A519FAB0C411}.Debug|x86.Build.0 = Debug|Any CPU
		{FEBA0B73-B746-4B01-9EAD-A519FAB0C411}.Release|Any CPU.ActiveCfg = Release|Any CPU
		{FEBA0B73-B746-4B01-9EAD-A519FAB0C411}.Release|Any CPU.Build.0 = Release|Any CPU
		{FEBA0B73-B746-4B01-9EAD-A519FAB0C411}.Release|x64.ActiveCfg = Release|Any CPU
		{FEBA0B73-B746-4B01-9EAD-A519FAB0C411}.Release|x64.Build.0 = Release|Any CPU
		{FEBA0B73-B746-4B01-9EAD-A519FAB0C411}.Release|x86.ActiveCfg = Release|Any CPU
		{FEBA0B73-B746-4B01-9EAD-A519FAB0C411}.Release|x86.Build.0 = Release|Any CPU
		{E9254B2D-7F80-4BEA-A120-3F6FFBD93B51}.Debug|Any CPU.ActiveCfg = Debug|Any CPU
		{E9254B2D-7F80-4BEA-A120-3F6FFBD93B51}.Debug|Any CPU.Build.0 = Debug|Any CPU
		{E9254B2D-7F80-4BEA-A120-3F6FFBD93B51}.Debug|x64.ActiveCfg = Debug|Any CPU
		{E9254B2D-7F80-4BEA-A120-3F6FFBD93B51}.Debug|x64.Build.0 = Debug|Any CPU
		{E9254B2D-7F80-4BEA-A120-3F6FFBD93B51}.Debug|x86.ActiveCfg = Debug|Any CPU
		{E9254B2D-7F80-4BEA-A120-3F6FFBD93B51}.Debug|x86.Build.0 = Debug|Any CPU
		{E9254B2D-7F80-4BEA-A120-3F6FFBD93B51}.Release|Any CPU.ActiveCfg = Release|Any CPU
		{E9254B2D-7F80-4BEA-A120-3F6FFBD93B51}.Release|Any CPU.Build.0 = Release|Any CPU
		{E9254B2D-7F80-4BEA-A120-3F6FFBD93B51}.Release|x64.ActiveCfg = Release|Any CPU
		{E9254B2D-7F80-4BEA-A120-3F6FFBD93B51}.Release|x64.Build.0 = Release|Any CPU
		{E9254B2D-7F80-4BEA-A120-3F6FFBD93B51}.Release|x86.ActiveCfg = Release|Any CPU
		{E9254B2D-7F80-4BEA-A120-3F6FFBD93B51}.Release|x86.Build.0 = Release|Any CPU
		{256AE703-70CB-459B-A143-052B0ED4090D}.Debug|Any CPU.ActiveCfg = Debug|Any CPU
		{256AE703-70CB-459B-A143-052B0ED4090D}.Debug|Any CPU.Build.0 = Debug|Any CPU
		{256AE703-70CB-459B-A143-052B0ED4090D}.Debug|x64.ActiveCfg = Debug|Any CPU
		{256AE703-70CB-459B-A143-052B0ED4090D}.Debug|x64.Build.0 = Debug|Any CPU
		{256AE703-70CB-459B-A143-052B0ED4090D}.Debug|x86.ActiveCfg = Debug|Any CPU
		{256AE703-70CB-459B-A143-052B0ED4090D}.Debug|x86.Build.0 = Debug|Any CPU
		{256AE703-70CB-459B-A143-052B0ED4090D}.Release|Any CPU.ActiveCfg = Release|Any CPU
		{256AE703-70CB-459B-A143-052B0ED4090D}.Release|Any CPU.Build.0 = Release|Any CPU
		{256AE703-70CB-459B-A143-052B0ED4090D}.Release|x64.ActiveCfg = Release|Any CPU
		{256AE703-70CB-459B-A143-052B0ED4090D}.Release|x64.Build.0 = Release|Any CPU
		{256AE703-70CB-459B-A143-052B0ED4090D}.Release|x86.ActiveCfg = Release|Any CPU
		{256AE703-70CB-459B-A143-052B0ED4090D}.Release|x86.Build.0 = Release|Any CPU
		{A24FED58-394C-420F-8900-5D12DCD4E147}.Debug|Any CPU.ActiveCfg = Debug|Any CPU
		{A24FED58-394C-420F-8900-5D12DCD4E147}.Debug|Any CPU.Build.0 = Debug|Any CPU
		{A24FED58-394C-420F-8900-5D12DCD4E147}.Debug|x64.ActiveCfg = Debug|Any CPU
		{A24FED58-394C-420F-8900-5D12DCD4E147}.Debug|x64.Build.0 = Debug|Any CPU
		{A24FED58-394C-420F-8900-5D12DCD4E147}.Debug|x86.ActiveCfg = Debug|Any CPU
		{A24FED58-394C-420F-8900-5D12DCD4E147}.Debug|x86.Build.0 = Debug|Any CPU
		{A24FED58-394C-420F-8900-5D12DCD4E147}.Release|Any CPU.ActiveCfg = Release|Any CPU
		{A24FED58-394C-420F-8900-5D12DCD4E147}.Release|Any CPU.Build.0 = Release|Any CPU
		{A24FED58-394C-420F-8900-5D12DCD4E147}.Release|x64.ActiveCfg = Release|Any CPU
		{A24FED58-394C-420F-8900-5D12DCD4E147}.Release|x64.Build.0 = Release|Any CPU
		{A24FED58-394C-420F-8900-5D12DCD4E147}.Release|x86.ActiveCfg = Release|Any CPU
		{A24FED58-394C-420F-8900-5D12DCD4E147}.Release|x86.Build.0 = Release|Any CPU
		{7248A8A6-D963-4CB4-80FD-0E8CAB047B22}.Debug|Any CPU.ActiveCfg = Debug|Any CPU
		{7248A8A6-D963-4CB4-80FD-0E8CAB047B22}.Debug|Any CPU.Build.0 = Debug|Any CPU
		{7248A8A6-D963-4CB4-80FD-0E8CAB047B22}.Debug|x64.ActiveCfg = Debug|Any CPU
		{7248A8A6-D963-4CB4-80FD-0E8CAB047B22}.Debug|x64.Build.0 = Debug|Any CPU
		{7248A8A6-D963-4CB4-80FD-0E8CAB047B22}.Debug|x86.ActiveCfg = Debug|Any CPU
		{7248A8A6-D963-4CB4-80FD-0E8CAB047B22}.Debug|x86.Build.0 = Debug|Any CPU
		{7248A8A6-D963-4CB4-80FD-0E8CAB047B22}.Release|Any CPU.ActiveCfg = Release|Any CPU
		{7248A8A6-D963-4CB4-80FD-0E8CAB047B22}.Release|Any CPU.Build.0 = Release|Any CPU
		{7248A8A6-D963-4CB4-80FD-0E8CAB047B22}.Release|x64.ActiveCfg = Release|Any CPU
		{7248A8A6-D963-4CB4-80FD-0E8CAB047B22}.Release|x64.Build.0 = Release|Any CPU
		{7248A8A6-D963-4CB4-80FD-0E8CAB047B22}.Release|x86.ActiveCfg = Release|Any CPU
		{7248A8A6-D963-4CB4-80FD-0E8CAB047B22}.Release|x86.Build.0 = Release|Any CPU
		{3BBD9BA3-9149-453B-BFF2-1E77CDBE3521}.Debug|Any CPU.ActiveCfg = Debug|Any CPU
		{3BBD9BA3-9149-453B-BFF2-1E77CDBE3521}.Debug|Any CPU.Build.0 = Debug|Any CPU
		{3BBD9BA3-9149-453B-BFF2-1E77CDBE3521}.Debug|x64.ActiveCfg = Debug|Any CPU
		{3BBD9BA3-9149-453B-BFF2-1E77CDBE3521}.Debug|x64.Build.0 = Debug|Any CPU
		{3BBD9BA3-9149-453B-BFF2-1E77CDBE3521}.Debug|x86.ActiveCfg = Debug|Any CPU
		{3BBD9BA3-9149-453B-BFF2-1E77CDBE3521}.Debug|x86.Build.0 = Debug|Any CPU
		{3BBD9BA3-9149-453B-BFF2-1E77CDBE3521}.Release|Any CPU.ActiveCfg = Release|Any CPU
		{3BBD9BA3-9149-453B-BFF2-1E77CDBE3521}.Release|Any CPU.Build.0 = Release|Any CPU
		{3BBD9BA3-9149-453B-BFF2-1E77CDBE3521}.Release|x64.ActiveCfg = Release|Any CPU
		{3BBD9BA3-9149-453B-BFF2-1E77CDBE3521}.Release|x64.Build.0 = Release|Any CPU
		{3BBD9BA3-9149-453B-BFF2-1E77CDBE3521}.Release|x86.ActiveCfg = Release|Any CPU
		{3BBD9BA3-9149-453B-BFF2-1E77CDBE3521}.Release|x86.Build.0 = Release|Any CPU
		{9D59430E-97F9-49B5-92D6-4C7B87E666A9}.Debug|Any CPU.ActiveCfg = Debug|Any CPU
		{9D59430E-97F9-49B5-92D6-4C7B87E666A9}.Debug|Any CPU.Build.0 = Debug|Any CPU
		{9D59430E-97F9-49B5-92D6-4C7B87E666A9}.Debug|x64.ActiveCfg = Debug|Any CPU
		{9D59430E-97F9-49B5-92D6-4C7B87E666A9}.Debug|x64.Build.0 = Debug|Any CPU
		{9D59430E-97F9-49B5-92D6-4C7B87E666A9}.Debug|x86.ActiveCfg = Debug|Any CPU
		{9D59430E-97F9-49B5-92D6-4C7B87E666A9}.Debug|x86.Build.0 = Debug|Any CPU
		{9D59430E-97F9-49B5-92D6-4C7B87E666A9}.Release|Any CPU.ActiveCfg = Release|Any CPU
		{9D59430E-97F9-49B5-92D6-4C7B87E666A9}.Release|Any CPU.Build.0 = Release|Any CPU
		{9D59430E-97F9-49B5-92D6-4C7B87E666A9}.Release|x64.ActiveCfg = Release|Any CPU
		{9D59430E-97F9-49B5-92D6-4C7B87E666A9}.Release|x64.Build.0 = Release|Any CPU
		{9D59430E-97F9-49B5-92D6-4C7B87E666A9}.Release|x86.ActiveCfg = Release|Any CPU
		{9D59430E-97F9-49B5-92D6-4C7B87E666A9}.Release|x86.Build.0 = Release|Any CPU
		{E0B691A7-0294-43B5-8BA1-FFE05F20369F}.Debug|Any CPU.ActiveCfg = Debug|Any CPU
		{E0B691A7-0294-43B5-8BA1-FFE05F20369F}.Debug|Any CPU.Build.0 = Debug|Any CPU
		{E0B691A7-0294-43B5-8BA1-FFE05F20369F}.Debug|x64.ActiveCfg = Debug|Any CPU
		{E0B691A7-0294-43B5-8BA1-FFE05F20369F}.Debug|x64.Build.0 = Debug|Any CPU
		{E0B691A7-0294-43B5-8BA1-FFE05F20369F}.Debug|x86.ActiveCfg = Debug|Any CPU
		{E0B691A7-0294-43B5-8BA1-FFE05F20369F}.Debug|x86.Build.0 = Debug|Any CPU
		{E0B691A7-0294-43B5-8BA1-FFE05F20369F}.Release|Any CPU.ActiveCfg = Release|Any CPU
		{E0B691A7-0294-43B5-8BA1-FFE05F20369F}.Release|Any CPU.Build.0 = Release|Any CPU
		{E0B691A7-0294-43B5-8BA1-FFE05F20369F}.Release|x64.ActiveCfg = Release|Any CPU
		{E0B691A7-0294-43B5-8BA1-FFE05F20369F}.Release|x64.Build.0 = Release|Any CPU
		{E0B691A7-0294-43B5-8BA1-FFE05F20369F}.Release|x86.ActiveCfg = Release|Any CPU
		{E0B691A7-0294-43B5-8BA1-FFE05F20369F}.Release|x86.Build.0 = Release|Any CPU
		{B95A7320-2334-45A2-BAF2-83EC00DD3272}.Debug|Any CPU.ActiveCfg = Debug|Any CPU
		{B95A7320-2334-45A2-BAF2-83EC00DD3272}.Debug|Any CPU.Build.0 = Debug|Any CPU
		{B95A7320-2334-45A2-BAF2-83EC00DD3272}.Debug|x64.ActiveCfg = Debug|Any CPU
		{B95A7320-2334-45A2-BAF2-83EC00DD3272}.Debug|x64.Build.0 = Debug|Any CPU
		{B95A7320-2334-45A2-BAF2-83EC00DD3272}.Debug|x86.ActiveCfg = Debug|Any CPU
		{B95A7320-2334-45A2-BAF2-83EC00DD3272}.Debug|x86.Build.0 = Debug|Any CPU
		{B95A7320-2334-45A2-BAF2-83EC00DD3272}.Release|Any CPU.ActiveCfg = Release|Any CPU
		{B95A7320-2334-45A2-BAF2-83EC00DD3272}.Release|Any CPU.Build.0 = Release|Any CPU
		{B95A7320-2334-45A2-BAF2-83EC00DD3272}.Release|x64.ActiveCfg = Release|Any CPU
		{B95A7320-2334-45A2-BAF2-83EC00DD3272}.Release|x64.Build.0 = Release|Any CPU
		{B95A7320-2334-45A2-BAF2-83EC00DD3272}.Release|x86.ActiveCfg = Release|Any CPU
		{B95A7320-2334-45A2-BAF2-83EC00DD3272}.Release|x86.Build.0 = Release|Any CPU
		{091460F0-CABF-4E2E-90EA-9AD16D7F052E}.Debug|Any CPU.ActiveCfg = Debug|Any CPU
		{091460F0-CABF-4E2E-90EA-9AD16D7F052E}.Debug|Any CPU.Build.0 = Debug|Any CPU
		{091460F0-CABF-4E2E-90EA-9AD16D7F052E}.Debug|x64.ActiveCfg = Debug|Any CPU
		{091460F0-CABF-4E2E-90EA-9AD16D7F052E}.Debug|x64.Build.0 = Debug|Any CPU
		{091460F0-CABF-4E2E-90EA-9AD16D7F052E}.Debug|x86.ActiveCfg = Debug|Any CPU
		{091460F0-CABF-4E2E-90EA-9AD16D7F052E}.Debug|x86.Build.0 = Debug|Any CPU
		{091460F0-CABF-4E2E-90EA-9AD16D7F052E}.Release|Any CPU.ActiveCfg = Release|Any CPU
		{091460F0-CABF-4E2E-90EA-9AD16D7F052E}.Release|Any CPU.Build.0 = Release|Any CPU
		{091460F0-CABF-4E2E-90EA-9AD16D7F052E}.Release|x64.ActiveCfg = Release|Any CPU
		{091460F0-CABF-4E2E-90EA-9AD16D7F052E}.Release|x64.Build.0 = Release|Any CPU
		{091460F0-CABF-4E2E-90EA-9AD16D7F052E}.Release|x86.ActiveCfg = Release|Any CPU
		{091460F0-CABF-4E2E-90EA-9AD16D7F052E}.Release|x86.Build.0 = Release|Any CPU
		{89CF6308-F0E3-47FD-9F9D-A30905F85C6B}.Debug|Any CPU.ActiveCfg = Debug|Any CPU
		{89CF6308-F0E3-47FD-9F9D-A30905F85C6B}.Debug|Any CPU.Build.0 = Debug|Any CPU
		{89CF6308-F0E3-47FD-9F9D-A30905F85C6B}.Debug|x64.ActiveCfg = Debug|Any CPU
		{89CF6308-F0E3-47FD-9F9D-A30905F85C6B}.Debug|x64.Build.0 = Debug|Any CPU
		{89CF6308-F0E3-47FD-9F9D-A30905F85C6B}.Debug|x86.ActiveCfg = Debug|Any CPU
		{89CF6308-F0E3-47FD-9F9D-A30905F85C6B}.Debug|x86.Build.0 = Debug|Any CPU
		{89CF6308-F0E3-47FD-9F9D-A30905F85C6B}.Release|Any CPU.ActiveCfg = Release|Any CPU
		{89CF6308-F0E3-47FD-9F9D-A30905F85C6B}.Release|Any CPU.Build.0 = Release|Any CPU
		{89CF6308-F0E3-47FD-9F9D-A30905F85C6B}.Release|x64.ActiveCfg = Release|Any CPU
		{89CF6308-F0E3-47FD-9F9D-A30905F85C6B}.Release|x64.Build.0 = Release|Any CPU
		{89CF6308-F0E3-47FD-9F9D-A30905F85C6B}.Release|x86.ActiveCfg = Release|Any CPU
		{89CF6308-F0E3-47FD-9F9D-A30905F85C6B}.Release|x86.Build.0 = Release|Any CPU
		{1C41DB1E-A167-497C-8082-A5B850CFC7B6}.Debug|Any CPU.ActiveCfg = Debug|Any CPU
		{1C41DB1E-A167-497C-8082-A5B850CFC7B6}.Debug|Any CPU.Build.0 = Debug|Any CPU
		{1C41DB1E-A167-497C-8082-A5B850CFC7B6}.Debug|x64.ActiveCfg = Debug|Any CPU
		{1C41DB1E-A167-497C-8082-A5B850CFC7B6}.Debug|x64.Build.0 = Debug|Any CPU
		{1C41DB1E-A167-497C-8082-A5B850CFC7B6}.Debug|x86.ActiveCfg = Debug|Any CPU
		{1C41DB1E-A167-497C-8082-A5B850CFC7B6}.Debug|x86.Build.0 = Debug|Any CPU
		{1C41DB1E-A167-497C-8082-A5B850CFC7B6}.Release|Any CPU.ActiveCfg = Release|Any CPU
		{1C41DB1E-A167-497C-8082-A5B850CFC7B6}.Release|Any CPU.Build.0 = Release|Any CPU
		{1C41DB1E-A167-497C-8082-A5B850CFC7B6}.Release|x64.ActiveCfg = Release|Any CPU
		{1C41DB1E-A167-497C-8082-A5B850CFC7B6}.Release|x64.Build.0 = Release|Any CPU
		{1C41DB1E-A167-497C-8082-A5B850CFC7B6}.Release|x86.ActiveCfg = Release|Any CPU
		{1C41DB1E-A167-497C-8082-A5B850CFC7B6}.Release|x86.Build.0 = Release|Any CPU
		{129AD538-B3E8-4A8B-BD71-6B29B0E8CF59}.Debug|Any CPU.ActiveCfg = Debug|Any CPU
		{129AD538-B3E8-4A8B-BD71-6B29B0E8CF59}.Debug|Any CPU.Build.0 = Debug|Any CPU
		{129AD538-B3E8-4A8B-BD71-6B29B0E8CF59}.Debug|x64.ActiveCfg = Debug|Any CPU
		{129AD538-B3E8-4A8B-BD71-6B29B0E8CF59}.Debug|x64.Build.0 = Debug|Any CPU
		{129AD538-B3E8-4A8B-BD71-6B29B0E8CF59}.Debug|x86.ActiveCfg = Debug|Any CPU
		{129AD538-B3E8-4A8B-BD71-6B29B0E8CF59}.Debug|x86.Build.0 = Debug|Any CPU
		{129AD538-B3E8-4A8B-BD71-6B29B0E8CF59}.Release|Any CPU.ActiveCfg = Release|Any CPU
		{129AD538-B3E8-4A8B-BD71-6B29B0E8CF59}.Release|Any CPU.Build.0 = Release|Any CPU
		{129AD538-B3E8-4A8B-BD71-6B29B0E8CF59}.Release|x64.ActiveCfg = Release|Any CPU
		{129AD538-B3E8-4A8B-BD71-6B29B0E8CF59}.Release|x64.Build.0 = Release|Any CPU
		{129AD538-B3E8-4A8B-BD71-6B29B0E8CF59}.Release|x86.ActiveCfg = Release|Any CPU
		{129AD538-B3E8-4A8B-BD71-6B29B0E8CF59}.Release|x86.Build.0 = Release|Any CPU
		{E7C84A54-D23E-4A27-9820-BD771A19CC44}.Debug|Any CPU.ActiveCfg = Debug|Any CPU
		{E7C84A54-D23E-4A27-9820-BD771A19CC44}.Debug|Any CPU.Build.0 = Debug|Any CPU
		{E7C84A54-D23E-4A27-9820-BD771A19CC44}.Debug|x64.ActiveCfg = Debug|Any CPU
		{E7C84A54-D23E-4A27-9820-BD771A19CC44}.Debug|x64.Build.0 = Debug|Any CPU
		{E7C84A54-D23E-4A27-9820-BD771A19CC44}.Debug|x86.ActiveCfg = Debug|Any CPU
		{E7C84A54-D23E-4A27-9820-BD771A19CC44}.Debug|x86.Build.0 = Debug|Any CPU
		{E7C84A54-D23E-4A27-9820-BD771A19CC44}.Release|Any CPU.ActiveCfg = Release|Any CPU
		{E7C84A54-D23E-4A27-9820-BD771A19CC44}.Release|Any CPU.Build.0 = Release|Any CPU
		{E7C84A54-D23E-4A27-9820-BD771A19CC44}.Release|x64.ActiveCfg = Release|Any CPU
		{E7C84A54-D23E-4A27-9820-BD771A19CC44}.Release|x64.Build.0 = Release|Any CPU
		{E7C84A54-D23E-4A27-9820-BD771A19CC44}.Release|x86.ActiveCfg = Release|Any CPU
		{E7C84A54-D23E-4A27-9820-BD771A19CC44}.Release|x86.Build.0 = Release|Any CPU
		{07812C9C-5E04-4548-8842-927EF2DECCF5}.Debug|Any CPU.ActiveCfg = Debug|Any CPU
		{07812C9C-5E04-4548-8842-927EF2DECCF5}.Debug|Any CPU.Build.0 = Debug|Any CPU
		{07812C9C-5E04-4548-8842-927EF2DECCF5}.Debug|x64.ActiveCfg = Debug|Any CPU
		{07812C9C-5E04-4548-8842-927EF2DECCF5}.Debug|x64.Build.0 = Debug|Any CPU
		{07812C9C-5E04-4548-8842-927EF2DECCF5}.Debug|x86.ActiveCfg = Debug|Any CPU
		{07812C9C-5E04-4548-8842-927EF2DECCF5}.Debug|x86.Build.0 = Debug|Any CPU
		{07812C9C-5E04-4548-8842-927EF2DECCF5}.Release|Any CPU.ActiveCfg = Release|Any CPU
		{07812C9C-5E04-4548-8842-927EF2DECCF5}.Release|Any CPU.Build.0 = Release|Any CPU
		{07812C9C-5E04-4548-8842-927EF2DECCF5}.Release|x64.ActiveCfg = Release|Any CPU
		{07812C9C-5E04-4548-8842-927EF2DECCF5}.Release|x64.Build.0 = Release|Any CPU
		{07812C9C-5E04-4548-8842-927EF2DECCF5}.Release|x86.ActiveCfg = Release|Any CPU
		{07812C9C-5E04-4548-8842-927EF2DECCF5}.Release|x86.Build.0 = Release|Any CPU
		{75C4BB27-E11A-4EFE-A11D-348114874426}.Debug|Any CPU.ActiveCfg = Debug|Any CPU
		{75C4BB27-E11A-4EFE-A11D-348114874426}.Debug|Any CPU.Build.0 = Debug|Any CPU
		{75C4BB27-E11A-4EFE-A11D-348114874426}.Debug|x64.ActiveCfg = Debug|Any CPU
		{75C4BB27-E11A-4EFE-A11D-348114874426}.Debug|x64.Build.0 = Debug|Any CPU
		{75C4BB27-E11A-4EFE-A11D-348114874426}.Debug|x86.ActiveCfg = Debug|Any CPU
		{75C4BB27-E11A-4EFE-A11D-348114874426}.Debug|x86.Build.0 = Debug|Any CPU
		{75C4BB27-E11A-4EFE-A11D-348114874426}.Release|Any CPU.ActiveCfg = Release|Any CPU
		{75C4BB27-E11A-4EFE-A11D-348114874426}.Release|Any CPU.Build.0 = Release|Any CPU
		{75C4BB27-E11A-4EFE-A11D-348114874426}.Release|x64.ActiveCfg = Release|Any CPU
		{75C4BB27-E11A-4EFE-A11D-348114874426}.Release|x64.Build.0 = Release|Any CPU
		{75C4BB27-E11A-4EFE-A11D-348114874426}.Release|x86.ActiveCfg = Release|Any CPU
		{75C4BB27-E11A-4EFE-A11D-348114874426}.Release|x86.Build.0 = Release|Any CPU
		{05F65F7B-5AAF-453C-BC27-D6A5DE4A7AA1}.Debug|Any CPU.ActiveCfg = Debug|Any CPU
		{05F65F7B-5AAF-453C-BC27-D6A5DE4A7AA1}.Debug|Any CPU.Build.0 = Debug|Any CPU
		{05F65F7B-5AAF-453C-BC27-D6A5DE4A7AA1}.Debug|x64.ActiveCfg = Debug|Any CPU
		{05F65F7B-5AAF-453C-BC27-D6A5DE4A7AA1}.Debug|x64.Build.0 = Debug|Any CPU
		{05F65F7B-5AAF-453C-BC27-D6A5DE4A7AA1}.Debug|x86.ActiveCfg = Debug|Any CPU
		{05F65F7B-5AAF-453C-BC27-D6A5DE4A7AA1}.Debug|x86.Build.0 = Debug|Any CPU
		{05F65F7B-5AAF-453C-BC27-D6A5DE4A7AA1}.Release|Any CPU.ActiveCfg = Release|Any CPU
		{05F65F7B-5AAF-453C-BC27-D6A5DE4A7AA1}.Release|Any CPU.Build.0 = Release|Any CPU
		{05F65F7B-5AAF-453C-BC27-D6A5DE4A7AA1}.Release|x64.ActiveCfg = Release|Any CPU
		{05F65F7B-5AAF-453C-BC27-D6A5DE4A7AA1}.Release|x64.Build.0 = Release|Any CPU
		{05F65F7B-5AAF-453C-BC27-D6A5DE4A7AA1}.Release|x86.ActiveCfg = Release|Any CPU
		{05F65F7B-5AAF-453C-BC27-D6A5DE4A7AA1}.Release|x86.Build.0 = Release|Any CPU
		{4472A8F3-F10E-470E-8DB4-75F2619C397E}.Debug|Any CPU.ActiveCfg = Debug|Any CPU
		{4472A8F3-F10E-470E-8DB4-75F2619C397E}.Debug|Any CPU.Build.0 = Debug|Any CPU
		{4472A8F3-F10E-470E-8DB4-75F2619C397E}.Debug|x64.ActiveCfg = Debug|Any CPU
		{4472A8F3-F10E-470E-8DB4-75F2619C397E}.Debug|x64.Build.0 = Debug|Any CPU
		{4472A8F3-F10E-470E-8DB4-75F2619C397E}.Debug|x86.ActiveCfg = Debug|Any CPU
		{4472A8F3-F10E-470E-8DB4-75F2619C397E}.Debug|x86.Build.0 = Debug|Any CPU
		{4472A8F3-F10E-470E-8DB4-75F2619C397E}.Release|Any CPU.ActiveCfg = Release|Any CPU
		{4472A8F3-F10E-470E-8DB4-75F2619C397E}.Release|Any CPU.Build.0 = Release|Any CPU
		{4472A8F3-F10E-470E-8DB4-75F2619C397E}.Release|x64.ActiveCfg = Release|Any CPU
		{4472A8F3-F10E-470E-8DB4-75F2619C397E}.Release|x64.Build.0 = Release|Any CPU
		{4472A8F3-F10E-470E-8DB4-75F2619C397E}.Release|x86.ActiveCfg = Release|Any CPU
		{4472A8F3-F10E-470E-8DB4-75F2619C397E}.Release|x86.Build.0 = Release|Any CPU
		{D3D7DD07-72F9-4654-BB15-5749D02DB8E4}.Debug|Any CPU.ActiveCfg = Debug|Any CPU
		{D3D7DD07-72F9-4654-BB15-5749D02DB8E4}.Debug|Any CPU.Build.0 = Debug|Any CPU
		{D3D7DD07-72F9-4654-BB15-5749D02DB8E4}.Debug|x64.ActiveCfg = Debug|Any CPU
		{D3D7DD07-72F9-4654-BB15-5749D02DB8E4}.Debug|x64.Build.0 = Debug|Any CPU
		{D3D7DD07-72F9-4654-BB15-5749D02DB8E4}.Debug|x86.ActiveCfg = Debug|Any CPU
		{D3D7DD07-72F9-4654-BB15-5749D02DB8E4}.Debug|x86.Build.0 = Debug|Any CPU
		{D3D7DD07-72F9-4654-BB15-5749D02DB8E4}.Release|Any CPU.ActiveCfg = Release|Any CPU
		{D3D7DD07-72F9-4654-BB15-5749D02DB8E4}.Release|Any CPU.Build.0 = Release|Any CPU
		{D3D7DD07-72F9-4654-BB15-5749D02DB8E4}.Release|x64.ActiveCfg = Release|Any CPU
		{D3D7DD07-72F9-4654-BB15-5749D02DB8E4}.Release|x64.Build.0 = Release|Any CPU
		{D3D7DD07-72F9-4654-BB15-5749D02DB8E4}.Release|x86.ActiveCfg = Release|Any CPU
		{D3D7DD07-72F9-4654-BB15-5749D02DB8E4}.Release|x86.Build.0 = Release|Any CPU
		{3E59B10A-5C77-490A-AB97-58D59C86B533}.Debug|Any CPU.ActiveCfg = Debug|Any CPU
		{3E59B10A-5C77-490A-AB97-58D59C86B533}.Debug|Any CPU.Build.0 = Debug|Any CPU
		{3E59B10A-5C77-490A-AB97-58D59C86B533}.Debug|x64.ActiveCfg = Debug|Any CPU
		{3E59B10A-5C77-490A-AB97-58D59C86B533}.Debug|x64.Build.0 = Debug|Any CPU
		{3E59B10A-5C77-490A-AB97-58D59C86B533}.Debug|x86.ActiveCfg = Debug|Any CPU
		{3E59B10A-5C77-490A-AB97-58D59C86B533}.Debug|x86.Build.0 = Debug|Any CPU
		{3E59B10A-5C77-490A-AB97-58D59C86B533}.Release|Any CPU.ActiveCfg = Release|Any CPU
		{3E59B10A-5C77-490A-AB97-58D59C86B533}.Release|Any CPU.Build.0 = Release|Any CPU
		{3E59B10A-5C77-490A-AB97-58D59C86B533}.Release|x64.ActiveCfg = Release|Any CPU
		{3E59B10A-5C77-490A-AB97-58D59C86B533}.Release|x64.Build.0 = Release|Any CPU
		{3E59B10A-5C77-490A-AB97-58D59C86B533}.Release|x86.ActiveCfg = Release|Any CPU
		{3E59B10A-5C77-490A-AB97-58D59C86B533}.Release|x86.Build.0 = Release|Any CPU
		{1BF94DEA-17DB-46F1-BE16-6B4AEC312646}.Debug|Any CPU.ActiveCfg = Debug|Any CPU
		{1BF94DEA-17DB-46F1-BE16-6B4AEC312646}.Debug|Any CPU.Build.0 = Debug|Any CPU
		{1BF94DEA-17DB-46F1-BE16-6B4AEC312646}.Debug|x64.ActiveCfg = Debug|Any CPU
		{1BF94DEA-17DB-46F1-BE16-6B4AEC312646}.Debug|x64.Build.0 = Debug|Any CPU
		{1BF94DEA-17DB-46F1-BE16-6B4AEC312646}.Debug|x86.ActiveCfg = Debug|Any CPU
		{1BF94DEA-17DB-46F1-BE16-6B4AEC312646}.Debug|x86.Build.0 = Debug|Any CPU
		{1BF94DEA-17DB-46F1-BE16-6B4AEC312646}.Release|Any CPU.ActiveCfg = Release|Any CPU
		{1BF94DEA-17DB-46F1-BE16-6B4AEC312646}.Release|Any CPU.Build.0 = Release|Any CPU
		{1BF94DEA-17DB-46F1-BE16-6B4AEC312646}.Release|x64.ActiveCfg = Release|Any CPU
		{1BF94DEA-17DB-46F1-BE16-6B4AEC312646}.Release|x64.Build.0 = Release|Any CPU
		{1BF94DEA-17DB-46F1-BE16-6B4AEC312646}.Release|x86.ActiveCfg = Release|Any CPU
		{1BF94DEA-17DB-46F1-BE16-6B4AEC312646}.Release|x86.Build.0 = Release|Any CPU
		{8A558B32-0B8D-4BB6-A096-6EE477E2CACD}.Debug|Any CPU.ActiveCfg = Debug|Any CPU
		{8A558B32-0B8D-4BB6-A096-6EE477E2CACD}.Debug|Any CPU.Build.0 = Debug|Any CPU
		{8A558B32-0B8D-4BB6-A096-6EE477E2CACD}.Debug|x64.ActiveCfg = Debug|Any CPU
		{8A558B32-0B8D-4BB6-A096-6EE477E2CACD}.Debug|x64.Build.0 = Debug|Any CPU
		{8A558B32-0B8D-4BB6-A096-6EE477E2CACD}.Debug|x86.ActiveCfg = Debug|Any CPU
		{8A558B32-0B8D-4BB6-A096-6EE477E2CACD}.Debug|x86.Build.0 = Debug|Any CPU
		{8A558B32-0B8D-4BB6-A096-6EE477E2CACD}.Release|Any CPU.ActiveCfg = Release|Any CPU
		{8A558B32-0B8D-4BB6-A096-6EE477E2CACD}.Release|Any CPU.Build.0 = Release|Any CPU
		{8A558B32-0B8D-4BB6-A096-6EE477E2CACD}.Release|x64.ActiveCfg = Release|Any CPU
		{8A558B32-0B8D-4BB6-A096-6EE477E2CACD}.Release|x64.Build.0 = Release|Any CPU
		{8A558B32-0B8D-4BB6-A096-6EE477E2CACD}.Release|x86.ActiveCfg = Release|Any CPU
		{8A558B32-0B8D-4BB6-A096-6EE477E2CACD}.Release|x86.Build.0 = Release|Any CPU
		{93AB0E70-885B-456E-93E4-F03E0B96BF5F}.Debug|Any CPU.ActiveCfg = Debug|Any CPU
		{93AB0E70-885B-456E-93E4-F03E0B96BF5F}.Debug|Any CPU.Build.0 = Debug|Any CPU
		{93AB0E70-885B-456E-93E4-F03E0B96BF5F}.Debug|x64.ActiveCfg = Debug|Any CPU
		{93AB0E70-885B-456E-93E4-F03E0B96BF5F}.Debug|x64.Build.0 = Debug|Any CPU
		{93AB0E70-885B-456E-93E4-F03E0B96BF5F}.Debug|x86.ActiveCfg = Debug|Any CPU
		{93AB0E70-885B-456E-93E4-F03E0B96BF5F}.Debug|x86.Build.0 = Debug|Any CPU
		{93AB0E70-885B-456E-93E4-F03E0B96BF5F}.Release|Any CPU.ActiveCfg = Release|Any CPU
		{93AB0E70-885B-456E-93E4-F03E0B96BF5F}.Release|Any CPU.Build.0 = Release|Any CPU
		{93AB0E70-885B-456E-93E4-F03E0B96BF5F}.Release|x64.ActiveCfg = Release|Any CPU
		{93AB0E70-885B-456E-93E4-F03E0B96BF5F}.Release|x64.Build.0 = Release|Any CPU
		{93AB0E70-885B-456E-93E4-F03E0B96BF5F}.Release|x86.ActiveCfg = Release|Any CPU
		{93AB0E70-885B-456E-93E4-F03E0B96BF5F}.Release|x86.Build.0 = Release|Any CPU
		{00E97380-897A-459C-B85A-FA3EA99BE982}.Debug|Any CPU.ActiveCfg = Debug|Any CPU
		{00E97380-897A-459C-B85A-FA3EA99BE982}.Debug|Any CPU.Build.0 = Debug|Any CPU
		{00E97380-897A-459C-B85A-FA3EA99BE982}.Debug|x64.ActiveCfg = Debug|Any CPU
		{00E97380-897A-459C-B85A-FA3EA99BE982}.Debug|x64.Build.0 = Debug|Any CPU
		{00E97380-897A-459C-B85A-FA3EA99BE982}.Debug|x86.ActiveCfg = Debug|Any CPU
		{00E97380-897A-459C-B85A-FA3EA99BE982}.Debug|x86.Build.0 = Debug|Any CPU
		{00E97380-897A-459C-B85A-FA3EA99BE982}.Release|Any CPU.ActiveCfg = Release|Any CPU
		{00E97380-897A-459C-B85A-FA3EA99BE982}.Release|Any CPU.Build.0 = Release|Any CPU
		{00E97380-897A-459C-B85A-FA3EA99BE982}.Release|x64.ActiveCfg = Release|Any CPU
		{00E97380-897A-459C-B85A-FA3EA99BE982}.Release|x64.Build.0 = Release|Any CPU
		{00E97380-897A-459C-B85A-FA3EA99BE982}.Release|x86.ActiveCfg = Release|Any CPU
		{00E97380-897A-459C-B85A-FA3EA99BE982}.Release|x86.Build.0 = Release|Any CPU
		{A1146272-72D6-49BB-8A42-3C2F62EA4712}.Debug|Any CPU.ActiveCfg = Debug|Any CPU
		{A1146272-72D6-49BB-8A42-3C2F62EA4712}.Debug|Any CPU.Build.0 = Debug|Any CPU
		{A1146272-72D6-49BB-8A42-3C2F62EA4712}.Debug|x64.ActiveCfg = Debug|Any CPU
		{A1146272-72D6-49BB-8A42-3C2F62EA4712}.Debug|x64.Build.0 = Debug|Any CPU
		{A1146272-72D6-49BB-8A42-3C2F62EA4712}.Debug|x86.ActiveCfg = Debug|Any CPU
		{A1146272-72D6-49BB-8A42-3C2F62EA4712}.Debug|x86.Build.0 = Debug|Any CPU
		{A1146272-72D6-49BB-8A42-3C2F62EA4712}.Release|Any CPU.ActiveCfg = Release|Any CPU
		{A1146272-72D6-49BB-8A42-3C2F62EA4712}.Release|Any CPU.Build.0 = Release|Any CPU
		{A1146272-72D6-49BB-8A42-3C2F62EA4712}.Release|x64.ActiveCfg = Release|Any CPU
		{A1146272-72D6-49BB-8A42-3C2F62EA4712}.Release|x64.Build.0 = Release|Any CPU
		{A1146272-72D6-49BB-8A42-3C2F62EA4712}.Release|x86.ActiveCfg = Release|Any CPU
		{A1146272-72D6-49BB-8A42-3C2F62EA4712}.Release|x86.Build.0 = Release|Any CPU
		{62FB34DB-EA64-4D7F-9075-D8EC2A5A29AF}.Debug|Any CPU.ActiveCfg = Debug|Any CPU
		{62FB34DB-EA64-4D7F-9075-D8EC2A5A29AF}.Debug|Any CPU.Build.0 = Debug|Any CPU
		{62FB34DB-EA64-4D7F-9075-D8EC2A5A29AF}.Debug|x64.ActiveCfg = Debug|Any CPU
		{62FB34DB-EA64-4D7F-9075-D8EC2A5A29AF}.Debug|x64.Build.0 = Debug|Any CPU
		{62FB34DB-EA64-4D7F-9075-D8EC2A5A29AF}.Debug|x86.ActiveCfg = Debug|Any CPU
		{62FB34DB-EA64-4D7F-9075-D8EC2A5A29AF}.Debug|x86.Build.0 = Debug|Any CPU
		{62FB34DB-EA64-4D7F-9075-D8EC2A5A29AF}.Release|Any CPU.ActiveCfg = Release|Any CPU
		{62FB34DB-EA64-4D7F-9075-D8EC2A5A29AF}.Release|Any CPU.Build.0 = Release|Any CPU
		{62FB34DB-EA64-4D7F-9075-D8EC2A5A29AF}.Release|x64.ActiveCfg = Release|Any CPU
		{62FB34DB-EA64-4D7F-9075-D8EC2A5A29AF}.Release|x64.Build.0 = Release|Any CPU
		{62FB34DB-EA64-4D7F-9075-D8EC2A5A29AF}.Release|x86.ActiveCfg = Release|Any CPU
		{62FB34DB-EA64-4D7F-9075-D8EC2A5A29AF}.Release|x86.Build.0 = Release|Any CPU
		{FB87CEAD-ACA8-49F7-910B-5AA03415339B}.Debug|Any CPU.ActiveCfg = Debug|Any CPU
		{FB87CEAD-ACA8-49F7-910B-5AA03415339B}.Debug|Any CPU.Build.0 = Debug|Any CPU
		{FB87CEAD-ACA8-49F7-910B-5AA03415339B}.Debug|x64.ActiveCfg = Debug|Any CPU
		{FB87CEAD-ACA8-49F7-910B-5AA03415339B}.Debug|x64.Build.0 = Debug|Any CPU
		{FB87CEAD-ACA8-49F7-910B-5AA03415339B}.Debug|x86.ActiveCfg = Debug|Any CPU
		{FB87CEAD-ACA8-49F7-910B-5AA03415339B}.Debug|x86.Build.0 = Debug|Any CPU
		{FB87CEAD-ACA8-49F7-910B-5AA03415339B}.Release|Any CPU.ActiveCfg = Release|Any CPU
		{FB87CEAD-ACA8-49F7-910B-5AA03415339B}.Release|Any CPU.Build.0 = Release|Any CPU
		{FB87CEAD-ACA8-49F7-910B-5AA03415339B}.Release|x64.ActiveCfg = Release|Any CPU
		{FB87CEAD-ACA8-49F7-910B-5AA03415339B}.Release|x64.Build.0 = Release|Any CPU
		{FB87CEAD-ACA8-49F7-910B-5AA03415339B}.Release|x86.ActiveCfg = Release|Any CPU
		{FB87CEAD-ACA8-49F7-910B-5AA03415339B}.Release|x86.Build.0 = Release|Any CPU
		{B25AE5BA-DFAB-4580-B680-B6EDBD8EE926}.Debug|Any CPU.ActiveCfg = Debug|Any CPU
		{B25AE5BA-DFAB-4580-B680-B6EDBD8EE926}.Debug|Any CPU.Build.0 = Debug|Any CPU
		{B25AE5BA-DFAB-4580-B680-B6EDBD8EE926}.Debug|x64.ActiveCfg = Debug|Any CPU
		{B25AE5BA-DFAB-4580-B680-B6EDBD8EE926}.Debug|x64.Build.0 = Debug|Any CPU
		{B25AE5BA-DFAB-4580-B680-B6EDBD8EE926}.Debug|x86.ActiveCfg = Debug|Any CPU
		{B25AE5BA-DFAB-4580-B680-B6EDBD8EE926}.Debug|x86.Build.0 = Debug|Any CPU
		{B25AE5BA-DFAB-4580-B680-B6EDBD8EE926}.Release|Any CPU.ActiveCfg = Release|Any CPU
		{B25AE5BA-DFAB-4580-B680-B6EDBD8EE926}.Release|Any CPU.Build.0 = Release|Any CPU
		{B25AE5BA-DFAB-4580-B680-B6EDBD8EE926}.Release|x64.ActiveCfg = Release|Any CPU
		{B25AE5BA-DFAB-4580-B680-B6EDBD8EE926}.Release|x64.Build.0 = Release|Any CPU
		{B25AE5BA-DFAB-4580-B680-B6EDBD8EE926}.Release|x86.ActiveCfg = Release|Any CPU
		{B25AE5BA-DFAB-4580-B680-B6EDBD8EE926}.Release|x86.Build.0 = Release|Any CPU
		{0731F688-EE0E-41E8-8E9E-6234933B6178}.Debug|Any CPU.ActiveCfg = Debug|Any CPU
		{0731F688-EE0E-41E8-8E9E-6234933B6178}.Debug|Any CPU.Build.0 = Debug|Any CPU
		{0731F688-EE0E-41E8-8E9E-6234933B6178}.Debug|x64.ActiveCfg = Debug|Any CPU
		{0731F688-EE0E-41E8-8E9E-6234933B6178}.Debug|x64.Build.0 = Debug|Any CPU
		{0731F688-EE0E-41E8-8E9E-6234933B6178}.Debug|x86.ActiveCfg = Debug|Any CPU
		{0731F688-EE0E-41E8-8E9E-6234933B6178}.Debug|x86.Build.0 = Debug|Any CPU
		{0731F688-EE0E-41E8-8E9E-6234933B6178}.Release|Any CPU.ActiveCfg = Release|Any CPU
		{0731F688-EE0E-41E8-8E9E-6234933B6178}.Release|Any CPU.Build.0 = Release|Any CPU
		{0731F688-EE0E-41E8-8E9E-6234933B6178}.Release|x64.ActiveCfg = Release|Any CPU
		{0731F688-EE0E-41E8-8E9E-6234933B6178}.Release|x64.Build.0 = Release|Any CPU
		{0731F688-EE0E-41E8-8E9E-6234933B6178}.Release|x86.ActiveCfg = Release|Any CPU
		{0731F688-EE0E-41E8-8E9E-6234933B6178}.Release|x86.Build.0 = Release|Any CPU
		{4081709B-9CE5-4E58-81D5-CBA5CA97ABB7}.Debug|Any CPU.ActiveCfg = Debug|Any CPU
		{4081709B-9CE5-4E58-81D5-CBA5CA97ABB7}.Debug|Any CPU.Build.0 = Debug|Any CPU
		{4081709B-9CE5-4E58-81D5-CBA5CA97ABB7}.Debug|x64.ActiveCfg = Debug|Any CPU
		{4081709B-9CE5-4E58-81D5-CBA5CA97ABB7}.Debug|x64.Build.0 = Debug|Any CPU
		{4081709B-9CE5-4E58-81D5-CBA5CA97ABB7}.Debug|x86.ActiveCfg = Debug|Any CPU
		{4081709B-9CE5-4E58-81D5-CBA5CA97ABB7}.Debug|x86.Build.0 = Debug|Any CPU
		{4081709B-9CE5-4E58-81D5-CBA5CA97ABB7}.Release|Any CPU.ActiveCfg = Release|Any CPU
		{4081709B-9CE5-4E58-81D5-CBA5CA97ABB7}.Release|Any CPU.Build.0 = Release|Any CPU
		{4081709B-9CE5-4E58-81D5-CBA5CA97ABB7}.Release|x64.ActiveCfg = Release|Any CPU
		{4081709B-9CE5-4E58-81D5-CBA5CA97ABB7}.Release|x64.Build.0 = Release|Any CPU
		{4081709B-9CE5-4E58-81D5-CBA5CA97ABB7}.Release|x86.ActiveCfg = Release|Any CPU
		{4081709B-9CE5-4E58-81D5-CBA5CA97ABB7}.Release|x86.Build.0 = Release|Any CPU
		{1C0149F7-F77F-42B1-A15D-17BBFEA9D66B}.Debug|Any CPU.ActiveCfg = Debug|Any CPU
		{1C0149F7-F77F-42B1-A15D-17BBFEA9D66B}.Debug|Any CPU.Build.0 = Debug|Any CPU
		{1C0149F7-F77F-42B1-A15D-17BBFEA9D66B}.Debug|x64.ActiveCfg = Debug|Any CPU
		{1C0149F7-F77F-42B1-A15D-17BBFEA9D66B}.Debug|x64.Build.0 = Debug|Any CPU
		{1C0149F7-F77F-42B1-A15D-17BBFEA9D66B}.Debug|x86.ActiveCfg = Debug|Any CPU
		{1C0149F7-F77F-42B1-A15D-17BBFEA9D66B}.Debug|x86.Build.0 = Debug|Any CPU
		{1C0149F7-F77F-42B1-A15D-17BBFEA9D66B}.Release|Any CPU.ActiveCfg = Release|Any CPU
		{1C0149F7-F77F-42B1-A15D-17BBFEA9D66B}.Release|Any CPU.Build.0 = Release|Any CPU
		{1C0149F7-F77F-42B1-A15D-17BBFEA9D66B}.Release|x64.ActiveCfg = Release|Any CPU
		{1C0149F7-F77F-42B1-A15D-17BBFEA9D66B}.Release|x64.Build.0 = Release|Any CPU
		{1C0149F7-F77F-42B1-A15D-17BBFEA9D66B}.Release|x86.ActiveCfg = Release|Any CPU
		{1C0149F7-F77F-42B1-A15D-17BBFEA9D66B}.Release|x86.Build.0 = Release|Any CPU
	EndGlobalSection
	GlobalSection(SolutionProperties) = preSolution
		HideSolutionNode = FALSE
	EndGlobalSection
	GlobalSection(NestedProjects) = preSolution
		{77B77B02-CB2A-4DB8-8C02-5BB001F4D785} = {8334DC6C-DBEE-4F20-AB7C-DB1911486642}
		{4D0B2D0C-5E66-4825-9400-6D7D87643085} = {8334DC6C-DBEE-4F20-AB7C-DB1911486642}
		{7265C276-E26D-4A9C-9A2B-DFC240392B7A} = {8334DC6C-DBEE-4F20-AB7C-DB1911486642}
		{C6CABD6B-275B-43D1-9C02-D373991A66F6} = {8334DC6C-DBEE-4F20-AB7C-DB1911486642}
		{688C724E-8A41-49BF-ADFF-DBC290E5FA72} = {8334DC6C-DBEE-4F20-AB7C-DB1911486642}
		{3008B437-F024-41D5-98CF-34EB831702EF} = {8334DC6C-DBEE-4F20-AB7C-DB1911486642}
		{F3C30E6A-95A5-437B-BFDC-809B388FD962} = {8334DC6C-DBEE-4F20-AB7C-DB1911486642}
		{631B1EEB-B715-42F5-9C61-2F81CE8E58F7} = {8334DC6C-DBEE-4F20-AB7C-DB1911486642}
		{45E907EC-8B70-4A4B-8163-E18B4F604C13} = {8334DC6C-DBEE-4F20-AB7C-DB1911486642}
		{7641318A-19BB-40D5-8668-8DF59BBF646F} = {8334DC6C-DBEE-4F20-AB7C-DB1911486642}
		{8AEB5A98-C1C5-43B8-93BA-E101B3651476} = {8334DC6C-DBEE-4F20-AB7C-DB1911486642}
		{0D096966-0FAB-428A-80A4-5ED9CF231967} = {8334DC6C-DBEE-4F20-AB7C-DB1911486642}
		{E540549A-1B22-4726-918C-101CFB61AA7B} = {8334DC6C-DBEE-4F20-AB7C-DB1911486642}
		{997AF9FC-8745-4B9E-A108-8C76D66F69DF} = {8334DC6C-DBEE-4F20-AB7C-DB1911486642}
		{FB6AAB26-53E4-431A-B027-3F7AEF30A1F1} = {8334DC6C-DBEE-4F20-AB7C-DB1911486642}
		{EA4A886C-FB02-47E2-8AD0-57AC5404209E} = {B3AAEDB1-A132-4CBD-9E30-982D17DB219C}
		{5CF9AD3A-3B0B-402A-8DD8-865B746F9FE3} = {B3AAEDB1-A132-4CBD-9E30-982D17DB219C}
		{EC274F36-8F25-4519-B122-354D6EE8E552} = {B3AAEDB1-A132-4CBD-9E30-982D17DB219C}
		{1C54C2BC-F8E1-4E99-AD4F-02F28283C660} = {B3AAEDB1-A132-4CBD-9E30-982D17DB219C}
		{4D26582D-C6D2-42A6-8A4C-63C01817614E} = {B3AAEDB1-A132-4CBD-9E30-982D17DB219C}
		{1049DCA0-CE40-4B26-BA6B-5677AF5F89FD} = {B3AAEDB1-A132-4CBD-9E30-982D17DB219C}
		{1AA98D79-A54F-4ADB-8E8C-837C2BED8656} = {B3AAEDB1-A132-4CBD-9E30-982D17DB219C}
		{0228EDDF-9DA3-4BF6-81E0-BAFF44C66975} = {B3AAEDB1-A132-4CBD-9E30-982D17DB219C}
		{E9A88105-2B05-4B8F-8DC9-827F1B807C6B} = {B3AAEDB1-A132-4CBD-9E30-982D17DB219C}
		{2D6CCF7F-2442-49BD-9349-A9E8C32BC109} = {B3AAEDB1-A132-4CBD-9E30-982D17DB219C}
		{C1E883BC-6386-4763-A509-3791B54901C4} = {B3AAEDB1-A132-4CBD-9E30-982D17DB219C}
		{62778BEC-FC16-473F-96EE-AB81D7DF117A} = {B3AAEDB1-A132-4CBD-9E30-982D17DB219C}
		{7CE79ED2-1851-486B-B1E6-2032D20F4833} = {B3AAEDB1-A132-4CBD-9E30-982D17DB219C}
		{88AE4AAB-577E-42E6-8CA5-2C15A51EBF79} = {B3AAEDB1-A132-4CBD-9E30-982D17DB219C}
		{0DBC7C0F-C6B3-47F2-983E-807EF83B7F44} = {B3AAEDB1-A132-4CBD-9E30-982D17DB219C}
		{FFD0BDB7-B98D-416F-B7EA-FDBE87BB9952} = {B3AAEDB1-A132-4CBD-9E30-982D17DB219C}
		{BDE55D86-28BE-471F-95EC-293F7EC531F1} = {B3AAEDB1-A132-4CBD-9E30-982D17DB219C}
		{FEBA0B73-B746-4B01-9EAD-A519FAB0C411} = {B3AAEDB1-A132-4CBD-9E30-982D17DB219C}
		{E9254B2D-7F80-4BEA-A120-3F6FFBD93B51} = {B3AAEDB1-A132-4CBD-9E30-982D17DB219C}
		{256AE703-70CB-459B-A143-052B0ED4090D} = {B3AAEDB1-A132-4CBD-9E30-982D17DB219C}
		{A24FED58-394C-420F-8900-5D12DCD4E147} = {DEF141DD-F4F1-4214-A9A9-CE2469D42847}
		{7248A8A6-D963-4CB4-80FD-0E8CAB047B22} = {DEF141DD-F4F1-4214-A9A9-CE2469D42847}
		{3BBD9BA3-9149-453B-BFF2-1E77CDBE3521} = {DEF141DD-F4F1-4214-A9A9-CE2469D42847}
		{9D59430E-97F9-49B5-92D6-4C7B87E666A9} = {DEF141DD-F4F1-4214-A9A9-CE2469D42847}
		{E0B691A7-0294-43B5-8BA1-FFE05F20369F} = {3A92E9B9-BDD1-4AC6-A628-CE131976A429}
		{B95A7320-2334-45A2-BAF2-83EC00DD3272} = {3A92E9B9-BDD1-4AC6-A628-CE131976A429}
		{091460F0-CABF-4E2E-90EA-9AD16D7F052E} = {3A92E9B9-BDD1-4AC6-A628-CE131976A429}
		{89CF6308-F0E3-47FD-9F9D-A30905F85C6B} = {3A92E9B9-BDD1-4AC6-A628-CE131976A429}
		{1C41DB1E-A167-497C-8082-A5B850CFC7B6} = {3A92E9B9-BDD1-4AC6-A628-CE131976A429}
		{129AD538-B3E8-4A8B-BD71-6B29B0E8CF59} = {6D8EA180-B7D5-45C1-9444-80369472C1CA}
		{E7C84A54-D23E-4A27-9820-BD771A19CC44} = {6D8EA180-B7D5-45C1-9444-80369472C1CA}
		{07812C9C-5E04-4548-8842-927EF2DECCF5} = {0537CE07-ADF6-4C16-A635-FBD95CA53C21}
		{75C4BB27-E11A-4EFE-A11D-348114874426} = {0537CE07-ADF6-4C16-A635-FBD95CA53C21}
		{05F65F7B-5AAF-453C-BC27-D6A5DE4A7AA1} = {D92AFD7D-B611-41DE-8912-07B3C00869DA}
		{4472A8F3-F10E-470E-8DB4-75F2619C397E} = {D92AFD7D-B611-41DE-8912-07B3C00869DA}
		{D3D7DD07-72F9-4654-BB15-5749D02DB8E4} = {D92AFD7D-B611-41DE-8912-07B3C00869DA}
		{3E59B10A-5C77-490A-AB97-58D59C86B533} = {D92AFD7D-B611-41DE-8912-07B3C00869DA}
		{1BF94DEA-17DB-46F1-BE16-6B4AEC312646} = {D92AFD7D-B611-41DE-8912-07B3C00869DA}
		{8A558B32-0B8D-4BB6-A096-6EE477E2CACD} = {D92AFD7D-B611-41DE-8912-07B3C00869DA}
		{93AB0E70-885B-456E-93E4-F03E0B96BF5F} = {D59EE178-AF75-4200-9C86-00C343E683FC}
		{00E97380-897A-459C-B85A-FA3EA99BE982} = {D59EE178-AF75-4200-9C86-00C343E683FC}
		{A1146272-72D6-49BB-8A42-3C2F62EA4712} = {D59EE178-AF75-4200-9C86-00C343E683FC}
		{62FB34DB-EA64-4D7F-9075-D8EC2A5A29AF} = {D59EE178-AF75-4200-9C86-00C343E683FC}
		{FB87CEAD-ACA8-49F7-910B-5AA03415339B} = {D59EE178-AF75-4200-9C86-00C343E683FC}
		{B25AE5BA-DFAB-4580-B680-B6EDBD8EE926} = {D59EE178-AF75-4200-9C86-00C343E683FC}
		{0731F688-EE0E-41E8-8E9E-6234933B6178} = {D59EE178-AF75-4200-9C86-00C343E683FC}
		{4081709B-9CE5-4E58-81D5-CBA5CA97ABB7} = {D59EE178-AF75-4200-9C86-00C343E683FC}
		{1C0149F7-F77F-42B1-A15D-17BBFEA9D66B} = {D59EE178-AF75-4200-9C86-00C343E683FC}
	EndGlobalSection
	GlobalSection(ExtensibilityGlobals) = postSolution
		SolutionGuid = {FE33E980-CE67-438B-8C81-4CF468846D6D}
	EndGlobalSection
EndGlobal
